{
  "version": 4,
  "terraform_version": "1.3.3",
  "serial": 45,
  "lineage": "d57d2ba0-8227-3550-d487-fd1d91d69db8",
  "outputs": {},
  "resources": [
    {
      "mode": "data",
      "type": "azurerm_resource_group",
      "name": "appds",
      "provider": "provider[\"registry.terraform.io/hashicorp/azurerm\"]",
      "instances": [
        {
          "schema_version": 0,
          "attributes": {
            "id": "/subscriptions/fec1a8c7-3053-43ab-b51d-9fcc38bd9399/resourceGroups/zgebs-workbench-dev-application-rg",
            "location": "northeurope",
            "name": "zgebs-workbench-dev-application-rg",
            "tags": {},
            "timeouts": null
          },
          "sensitive_attributes": []
        }
      ]
    },
    {
      "mode": "data",
      "type": "azurerm_resource_group",
      "name": "storageds",
      "provider": "provider[\"registry.terraform.io/hashicorp/azurerm\"]",
      "instances": [
        {
          "schema_version": 0,
          "attributes": {
            "id": "/subscriptions/fec1a8c7-3053-43ab-b51d-9fcc38bd9399/resourceGroups/zgebs-workbench-dev-storage-rg",
            "location": "northeurope",
            "name": "zgebs-workbench-dev-storage-rg",
            "tags": {},
            "timeouts": null
          },
          "sensitive_attributes": []
        }
      ]
    },
    {
      "mode": "data",
      "type": "azurerm_storage_account",
      "name": "storageds",
      "provider": "provider[\"registry.terraform.io/hashicorp/azurerm\"]",
      "instances": [
        {
          "schema_version": 0,
          "attributes": {
            "access_tier": "Hot",
            "account_kind": "StorageV2",
            "account_replication_type": "LRS",
            "account_tier": "Standard",
            "allow_nested_items_to_be_public": true,
            "azure_files_authentication": [],
            "custom_domain": null,
            "enable_https_traffic_only": true,
            "id": "/subscriptions/fec1a8c7-3053-43ab-b51d-9fcc38bd9399/resourceGroups/zgebs-workbench-dev-storage-rg/providers/Microsoft.Storage/storageAccounts/zgbswbdevstorage9897",
            "identity": [],
            "infrastructure_encryption_enabled": false,
            "is_hns_enabled": false,
            "location": "northeurope",
            "min_tls_version": "TLS1_2",
            "name": "zgbswbdevstorage9897",
            "nfsv3_enabled": false,
            "primary_access_key": "Wws9xDKdu3/uLiVsJXpt0SGJt9h0cjOOBQNwBbMIGh+dGNxmq1pQ85dejdSOsIvFgsADaXCk6rNv+AStAPvbTA==",
            "primary_blob_connection_string": "DefaultEndpointsProtocol=https;BlobEndpoint=https://zgbswbdevstorage9897.blob.core.windows.net/;AccountName=zgbswbdevstorage9897;AccountKey=Wws9xDKdu3/uLiVsJXpt0SGJt9h0cjOOBQNwBbMIGh+dGNxmq1pQ85dejdSOsIvFgsADaXCk6rNv+AStAPvbTA==",
            "primary_blob_endpoint": "https://zgbswbdevstorage9897.blob.core.windows.net/",
            "primary_blob_host": "zgbswbdevstorage9897.blob.core.windows.net",
            "primary_connection_string": "DefaultEndpointsProtocol=https;AccountName=zgbswbdevstorage9897;AccountKey=Wws9xDKdu3/uLiVsJXpt0SGJt9h0cjOOBQNwBbMIGh+dGNxmq1pQ85dejdSOsIvFgsADaXCk6rNv+AStAPvbTA==;EndpointSuffix=core.windows.net",
            "primary_dfs_endpoint": "https://zgbswbdevstorage9897.dfs.core.windows.net/",
            "primary_dfs_host": "zgbswbdevstorage9897.dfs.core.windows.net",
            "primary_file_endpoint": "https://zgbswbdevstorage9897.file.core.windows.net/",
            "primary_file_host": "zgbswbdevstorage9897.file.core.windows.net",
            "primary_location": "northeurope",
            "primary_queue_endpoint": "https://zgbswbdevstorage9897.queue.core.windows.net/",
            "primary_queue_host": "zgbswbdevstorage9897.queue.core.windows.net",
            "primary_table_endpoint": "https://zgbswbdevstorage9897.table.core.windows.net/",
            "primary_table_host": "zgbswbdevstorage9897.table.core.windows.net",
            "primary_web_endpoint": "https://zgbswbdevstorage9897.z16.web.core.windows.net/",
            "primary_web_host": "zgbswbdevstorage9897.z16.web.core.windows.net",
            "queue_encryption_key_type": "Service",
            "resource_group_name": "zgebs-workbench-dev-storage-rg",
            "secondary_access_key": "y05Hnw5neTwgxPNGD6OFWw2cuzx6WzBRG5BvzlEiWXJhqOz3xClKC5Bjs2diZ6kQZrIOGP3KO/sH+AStkg4qFw==",
            "secondary_blob_connection_string": "",
            "secondary_blob_endpoint": null,
            "secondary_blob_host": null,
            "secondary_connection_string": "DefaultEndpointsProtocol=https;AccountName=zgbswbdevstorage9897;AccountKey=y05Hnw5neTwgxPNGD6OFWw2cuzx6WzBRG5BvzlEiWXJhqOz3xClKC5Bjs2diZ6kQZrIOGP3KO/sH+AStkg4qFw==;EndpointSuffix=core.windows.net",
            "secondary_dfs_endpoint": null,
            "secondary_dfs_host": null,
            "secondary_file_endpoint": null,
            "secondary_file_host": null,
            "secondary_location": "",
            "secondary_queue_endpoint": null,
            "secondary_queue_host": null,
            "secondary_table_endpoint": null,
            "secondary_table_host": null,
            "secondary_web_endpoint": null,
            "secondary_web_host": null,
            "table_encryption_key_type": "Service",
            "tags": {},
            "timeouts": null
          },
          "sensitive_attributes": []
        }
      ]
    },
    {
      "module": "module.app-insights",
      "mode": "managed",
      "type": "azurerm_application_insights",
      "name": "appinsights",
      "provider": "provider[\"registry.terraform.io/hashicorp/azurerm\"]",
      "instances": [
        {
          "schema_version": 1,
          "attributes": {
            "app_id": "2ae9d626-46b3-41e3-9b4a-a20fbb1fa1a6",
            "application_type": "web",
            "connection_string": "InstrumentationKey=61240005-c461-49ac-afa2-5d4367cd1d40;IngestionEndpoint=https://northeurope-2.in.applicationinsights.azure.com/;LiveEndpoint=https://northeurope.livediagnostics.monitor.azure.com/",
            "daily_data_cap_in_gb": 100,
            "daily_data_cap_notifications_disabled": false,
            "disable_ip_masking": false,
            "force_customer_storage_for_profiler": false,
            "id": "/subscriptions/fec1a8c7-3053-43ab-b51d-9fcc38bd9399/resourceGroups/zgebs-workbench-dev-application-rg/providers/Microsoft.Insights/components/zgebs-wb-dev-shared-ai-ne01",
            "instrumentation_key": "61240005-c461-49ac-afa2-5d4367cd1d40",
            "internet_ingestion_enabled": true,
            "internet_query_enabled": true,
            "local_authentication_disabled": false,
            "location": "northeurope",
            "name": "zgebs-wb-dev-shared-ai-ne01",
            "resource_group_name": "zgebs-workbench-dev-application-rg",
            "retention_in_days": 90,
            "sampling_percentage": 100,
            "tags": null,
            "timeouts": null,
            "workspace_id": "/subscriptions/fec1a8c7-3053-43ab-b51d-9fcc38bd9399/resourceGroups/zgebs-workbench-dev-application-rg/providers/Microsoft.OperationalInsights/workspaces/zgebs-web-dev-law-ne01"
          },
          "sensitive_attributes": [],
          "private": "eyJlMmJmYjczMC1lY2FhLTExZTYtOGY4OC0zNDM2M2JjN2M0YzAiOnsiY3JlYXRlIjozNjAwMDAwMDAwMDAwLCJkZWxldGUiOjE4MDAwMDAwMDAwMDAsInJlYWQiOjMwMDAwMDAwMDAwMCwidXBkYXRlIjoxODAwMDAwMDAwMDAwfSwic2NoZW1hX3ZlcnNpb24iOiIxIn0=",
          "dependencies": [
            "module.app-insights.azurerm_log_analytics_workspace.logaw",
            "module.app-service.azurerm_resource_group.app",
            "module.app-service.azurerm_service_plan.app",
            "module.app-service.azurerm_windows_web_app.api_webapp",
            "module.app-service.azurerm_windows_web_app.dgv_webapp",
            "module.app-service.azurerm_windows_web_app.fcsd_webapp",
            "module.app-service.azurerm_windows_web_app.lpa_webapp",
            "module.app-service.azurerm_windows_web_app.mzsa_webapp",
            "module.app-service.azurerm_windows_web_app.nwp_webapp",
            "module.app-service.azurerm_windows_web_app.zhrz_webapp"
          ]
        }
      ]
    },
    {
      "module": "module.app-insights",
      "mode": "managed",
      "type": "azurerm_log_analytics_workspace",
      "name": "logaw",
      "provider": "provider[\"registry.terraform.io/hashicorp/azurerm\"]",
      "instances": [
        {
          "schema_version": 3,
          "attributes": {
            "allow_resource_only_permissions": true,
            "cmk_for_query_forced": false,
            "daily_quota_gb": -1,
            "id": "/subscriptions/fec1a8c7-3053-43ab-b51d-9fcc38bd9399/resourceGroups/zgebs-workbench-dev-application-rg/providers/Microsoft.OperationalInsights/workspaces/zgebs-web-dev-law-ne01",
            "internet_ingestion_enabled": true,
            "internet_query_enabled": true,
            "local_authentication_disabled": false,
            "location": "northeurope",
            "name": "zgebs-web-dev-law-ne01",
            "primary_shared_key": "1hrdM9lxpQK2Suq8+JdQAbL5CXNdN0NCu6zvZEsTsTdClP9IGhS1PyUKzIXNU8qD0RlnMKktN+2b9qHEYfohQg==",
            "reservation_capacity_in_gb_per_day": null,
            "resource_group_name": "zgebs-workbench-dev-application-rg",
            "retention_in_days": 30,
            "secondary_shared_key": "A0vZN5WFhyAx5lR3mET2ZiwN7tB9uXK8HmJfqWHGzhJfiNx6fTgw6jNDiDiDz04dnZq7eau7rrhIfyhCJFBCMw==",
            "sku": "PerGB2018",
            "tags": null,
            "timeouts": null,
            "workspace_id": "5d806129-7bb6-438e-8b02-612a2b976e67"
          },
          "sensitive_attributes": [],
          "private": "eyJlMmJmYjczMC1lY2FhLTExZTYtOGY4OC0zNDM2M2JjN2M0YzAiOnsiY3JlYXRlIjoxODAwMDAwMDAwMDAwLCJkZWxldGUiOjE4MDAwMDAwMDAwMDAsInJlYWQiOjMwMDAwMDAwMDAwMCwidXBkYXRlIjoxODAwMDAwMDAwMDAwfSwic2NoZW1hX3ZlcnNpb24iOiIzIn0=",
          "dependencies": [
            "module.app-service.azurerm_resource_group.app",
            "module.app-service.azurerm_service_plan.app",
            "module.app-service.azurerm_windows_web_app.api_webapp",
            "module.app-service.azurerm_windows_web_app.dgv_webapp",
            "module.app-service.azurerm_windows_web_app.fcsd_webapp",
            "module.app-service.azurerm_windows_web_app.lpa_webapp",
            "module.app-service.azurerm_windows_web_app.mzsa_webapp",
            "module.app-service.azurerm_windows_web_app.nwp_webapp",
            "module.app-service.azurerm_windows_web_app.zhrz_webapp"
          ]
        }
      ]
    },
    {
      "module": "module.app-service",
      "mode": "managed",
      "type": "azurerm_resource_group",
      "name": "app",
      "provider": "provider[\"registry.terraform.io/hashicorp/azurerm\"]",
      "instances": [
        {
          "schema_version": 0,
          "attributes": {
            "id": "/subscriptions/fec1a8c7-3053-43ab-b51d-9fcc38bd9399/resourceGroups/zgebs-workbench-dev-application-rg",
            "location": "northeurope",
            "name": "zgebs-workbench-dev-application-rg",
            "tags": null,
            "timeouts": null
          },
          "sensitive_attributes": [],
          "private": "eyJlMmJmYjczMC1lY2FhLTExZTYtOGY4OC0zNDM2M2JjN2M0YzAiOnsiY3JlYXRlIjo1NDAwMDAwMDAwMDAwLCJkZWxldGUiOjU0MDAwMDAwMDAwMDAsInJlYWQiOjMwMDAwMDAwMDAwMCwidXBkYXRlIjo1NDAwMDAwMDAwMDAwfX0="
        }
      ]
    },
    {
      "module": "module.app-service",
      "mode": "managed",
      "type": "azurerm_service_plan",
      "name": "app",
      "provider": "provider[\"registry.terraform.io/hashicorp/azurerm\"]",
      "instances": [
        {
          "schema_version": 0,
          "attributes": {
            "app_service_environment_id": "",
            "id": "/subscriptions/fec1a8c7-3053-43ab-b51d-9fcc38bd9399/resourceGroups/zgebs-workbench-dev-application-rg/providers/Microsoft.Web/serverfarms/plan-1987010878",
            "kind": "app",
            "location": "northeurope",
            "maximum_elastic_worker_count": 1,
            "name": "plan-1987010878",
            "os_type": "Windows",
            "per_site_scaling_enabled": false,
            "reserved": false,
            "resource_group_name": "zgebs-workbench-dev-application-rg",
            "sku_name": "P1v2",
            "tags": null,
            "timeouts": null,
            "worker_count": 1,
            "zone_balancing_enabled": false
          },
          "sensitive_attributes": [],
          "private": "eyJlMmJmYjczMC1lY2FhLTExZTYtOGY4OC0zNDM2M2JjN2M0YzAiOnsiY3JlYXRlIjozNjAwMDAwMDAwMDAwLCJkZWxldGUiOjM2MDAwMDAwMDAwMDAsInJlYWQiOjMwMDAwMDAwMDAwMCwidXBkYXRlIjozNjAwMDAwMDAwMDAwfX0=",
          "dependencies": [
            "module.app-service.azurerm_resource_group.app"
          ]
        }
      ]
    },
    {
      "module": "module.app-service",
      "mode": "managed",
      "type": "azurerm_windows_web_app",
      "name": "api_webapp",
      "provider": "provider[\"registry.terraform.io/hashicorp/azurerm\"]",
      "instances": [
        {
          "schema_version": 0,
          "attributes": {
            "app_settings": null,
            "auth_settings": [],
            "auth_settings_v2": [],
            "backup": [],
            "client_affinity_enabled": false,
            "client_certificate_enabled": false,
            "client_certificate_exclusion_paths": "",
            "client_certificate_mode": "Required",
            "connection_string": [],
            "custom_domain_verification_id": "EF7ACC1196953A72EBB1B51C1D448D1699325C9A9CF7820D51A90BE70736BE63",
            "default_hostname": "zgebs-wb-dev-api-wapp-ne-9897.azurewebsites.net",
            "enabled": true,
            "https_only": false,
            "id": "/subscriptions/fec1a8c7-3053-43ab-b51d-9fcc38bd9399/resourceGroups/zgebs-workbench-dev-application-rg/providers/Microsoft.Web/sites/zgebs-wb-dev-api-wapp-ne-9897",
            "identity": [],
            "key_vault_reference_identity_id": "SystemAssigned",
            "kind": "app",
            "location": "northeurope",
            "logs": [],
            "name": "zgebs-wb-dev-api-wapp-ne-9897",
            "outbound_ip_address_list": [
              "20.67.171.99",
              "20.67.171.129",
              "20.67.172.9",
              "20.67.172.91",
              "20.67.172.243",
              "20.67.173.5",
              "20.107.224.17"
            ],
            "outbound_ip_addresses": "20.67.171.99,20.67.171.129,20.67.172.9,20.67.172.91,20.67.172.243,20.67.173.5,20.107.224.17",
            "possible_outbound_ip_address_list": [
              "20.67.168.247",
              "20.67.169.146",
              "20.67.169.223",
              "20.67.170.0",
              "20.67.170.202",
              "20.67.170.220",
              "20.67.171.99",
              "20.67.171.129",
              "20.67.172.9",
              "20.67.172.91",
              "20.67.172.243",
              "20.67.173.5",
              "20.67.173.29",
              "20.67.173.31",
              "20.67.173.176",
              "20.67.174.57",
              "20.67.174.66",
              "20.67.174.208",
              "20.67.174.221",
              "20.67.174.223",
              "20.67.174.227",
              "20.67.174.238",
              "20.67.173.18",
              "20.67.175.27",
              "20.67.175.30",
              "20.67.175.41",
              "20.67.175.50",
              "20.67.175.65",
              "20.67.175.89",
              "20.67.175.91",
              "20.107.224.17"
            ],
            "possible_outbound_ip_addresses": "20.67.168.247,20.67.169.146,20.67.169.223,20.67.170.0,20.67.170.202,20.67.170.220,20.67.171.99,20.67.171.129,20.67.172.9,20.67.172.91,20.67.172.243,20.67.173.5,20.67.173.29,20.67.173.31,20.67.173.176,20.67.174.57,20.67.174.66,20.67.174.208,20.67.174.221,20.67.174.223,20.67.174.227,20.67.174.238,20.67.173.18,20.67.175.27,20.67.175.30,20.67.175.41,20.67.175.50,20.67.175.65,20.67.175.89,20.67.175.91,20.107.224.17",
            "resource_group_name": "zgebs-workbench-dev-application-rg",
            "service_plan_id": "/subscriptions/fec1a8c7-3053-43ab-b51d-9fcc38bd9399/resourceGroups/zgebs-workbench-dev-application-rg/providers/Microsoft.Web/serverfarms/plan-1987010878",
            "site_config": [
              {
                "always_on": true,
                "api_definition_url": "",
                "api_management_api_id": "",
                "app_command_line": "",
                "application_stack": [
                  {
                    "current_stack": "",
                    "docker_container_name": "",
                    "docker_container_registry": "",
                    "docker_container_tag": "",
                    "dotnet_core_version": "",
                    "dotnet_version": "",
                    "java_container": "",
                    "java_container_version": "",
                    "java_embedded_server_enabled": false,
                    "java_version": "",
                    "node_version": "",
                    "php_version": "5.6",
                    "python": false,
                    "python_version": "",
                    "tomcat_version": ""
                  }
                ],
                "auto_heal_enabled": false,
                "auto_heal_setting": [],
                "container_registry_managed_identity_client_id": "",
                "container_registry_use_managed_identity": false,
                "cors": [],
                "default_documents": [
                  "Default.htm",
                  "Default.html",
                  "Default.asp",
                  "index.htm",
                  "index.html",
                  "iisstart.htm",
                  "default.aspx",
                  "index.php",
                  "hostingstart.html"
                ],
                "detailed_error_logging_enabled": false,
                "ftps_state": "Disabled",
                "health_check_eviction_time_in_min": 0,
                "health_check_path": "",
                "http2_enabled": false,
                "ip_restriction": [],
                "linux_fx_version": "",
                "load_balancing_mode": "LeastRequests",
                "local_mysql_enabled": false,
                "managed_pipeline_mode": "Integrated",
                "minimum_tls_version": "1.2",
                "remote_debugging_enabled": false,
                "remote_debugging_version": "VS2019",
                "scm_ip_restriction": [],
                "scm_minimum_tls_version": "1.2",
                "scm_type": "None",
                "scm_use_main_ip_restriction": false,
                "use_32_bit_worker": true,
                "virtual_application": [],
                "vnet_route_all_enabled": false,
                "websockets_enabled": false,
                "windows_fx_version": "",
                "worker_count": 1
              }
            ],
            "site_credential": [
              {
                "name": "$zgebs-wb-dev-api-wapp-ne-9897",
                "password": "KR4xYkkXGczoYfTpRuRYfrMtp3ferQZJxfyMe8CHC0Zc9yq6ttJn39A70b5l"
              }
            ],
            "sticky_settings": [],
            "storage_account": [],
            "tags": null,
            "timeouts": null,
            "virtual_network_subnet_id": "",
            "zip_deploy_file": ""
          },
          "sensitive_attributes": [],
          "private": "eyJlMmJmYjczMC1lY2FhLTExZTYtOGY4OC0zNDM2M2JjN2M0YzAiOnsiY3JlYXRlIjoxODAwMDAwMDAwMDAwLCJkZWxldGUiOjE4MDAwMDAwMDAwMDAsInJlYWQiOjMwMDAwMDAwMDAwMCwidXBkYXRlIjoxODAwMDAwMDAwMDAwfX0=",
          "dependencies": [
            "module.app-service.azurerm_resource_group.app",
            "module.app-service.azurerm_service_plan.app"
          ]
        }
      ]
    },
    {
      "module": "module.app-service",
      "mode": "managed",
      "type": "azurerm_windows_web_app",
      "name": "dgv_webapp",
      "provider": "provider[\"registry.terraform.io/hashicorp/azurerm\"]",
      "instances": [
        {
          "schema_version": 0,
          "attributes": {
            "app_settings": null,
            "auth_settings": [],
            "auth_settings_v2": [],
            "backup": [],
            "client_affinity_enabled": false,
            "client_certificate_enabled": false,
            "client_certificate_exclusion_paths": "",
            "client_certificate_mode": "Required",
            "connection_string": [],
            "custom_domain_verification_id": "EF7ACC1196953A72EBB1B51C1D448D1699325C9A9CF7820D51A90BE70736BE63",
            "default_hostname": "zgebs-wb-dev-dgv-wapp-ne-9897.azurewebsites.net",
            "enabled": true,
            "https_only": false,
            "id": "/subscriptions/fec1a8c7-3053-43ab-b51d-9fcc38bd9399/resourceGroups/zgebs-workbench-dev-application-rg/providers/Microsoft.Web/sites/zgebs-wb-dev-dgv-wapp-ne-9897",
            "identity": [],
            "key_vault_reference_identity_id": "SystemAssigned",
            "kind": "app",
            "location": "northeurope",
            "logs": [],
            "name": "zgebs-wb-dev-dgv-wapp-ne-9897",
            "outbound_ip_address_list": [
              "20.67.171.99",
              "20.67.171.129",
              "20.67.172.9",
              "20.67.172.91",
              "20.67.172.243",
              "20.67.173.5",
              "20.107.224.17"
            ],
            "outbound_ip_addresses": "20.67.171.99,20.67.171.129,20.67.172.9,20.67.172.91,20.67.172.243,20.67.173.5,20.107.224.17",
            "possible_outbound_ip_address_list": [
              "20.67.168.247",
              "20.67.169.146",
              "20.67.169.223",
              "20.67.170.0",
              "20.67.170.202",
              "20.67.170.220",
              "20.67.171.99",
              "20.67.171.129",
              "20.67.172.9",
              "20.67.172.91",
              "20.67.172.243",
              "20.67.173.5",
              "20.67.173.29",
              "20.67.173.31",
              "20.67.173.176",
              "20.67.174.57",
              "20.67.174.66",
              "20.67.174.208",
              "20.67.174.221",
              "20.67.174.223",
              "20.67.174.227",
              "20.67.174.238",
              "20.67.173.18",
              "20.67.175.27",
              "20.67.175.30",
              "20.67.175.41",
              "20.67.175.50",
              "20.67.175.65",
              "20.67.175.89",
              "20.67.175.91",
              "20.107.224.17"
            ],
            "possible_outbound_ip_addresses": "20.67.168.247,20.67.169.146,20.67.169.223,20.67.170.0,20.67.170.202,20.67.170.220,20.67.171.99,20.67.171.129,20.67.172.9,20.67.172.91,20.67.172.243,20.67.173.5,20.67.173.29,20.67.173.31,20.67.173.176,20.67.174.57,20.67.174.66,20.67.174.208,20.67.174.221,20.67.174.223,20.67.174.227,20.67.174.238,20.67.173.18,20.67.175.27,20.67.175.30,20.67.175.41,20.67.175.50,20.67.175.65,20.67.175.89,20.67.175.91,20.107.224.17",
            "resource_group_name": "zgebs-workbench-dev-application-rg",
            "service_plan_id": "/subscriptions/fec1a8c7-3053-43ab-b51d-9fcc38bd9399/resourceGroups/zgebs-workbench-dev-application-rg/providers/Microsoft.Web/serverfarms/plan-1987010878",
            "site_config": [
              {
                "always_on": true,
                "api_definition_url": "",
                "api_management_api_id": "",
                "app_command_line": "",
                "application_stack": [
                  {
                    "current_stack": "",
                    "docker_container_name": "",
                    "docker_container_registry": "",
                    "docker_container_tag": "",
                    "dotnet_core_version": "",
                    "dotnet_version": "",
                    "java_container": "",
                    "java_container_version": "",
                    "java_embedded_server_enabled": false,
                    "java_version": "",
                    "node_version": "",
                    "php_version": "5.6",
                    "python": false,
                    "python_version": "",
                    "tomcat_version": ""
                  }
                ],
                "auto_heal_enabled": false,
                "auto_heal_setting": [],
                "container_registry_managed_identity_client_id": "",
                "container_registry_use_managed_identity": false,
                "cors": [],
                "default_documents": [
                  "Default.htm",
                  "Default.html",
                  "Default.asp",
                  "index.htm",
                  "index.html",
                  "iisstart.htm",
                  "default.aspx",
                  "index.php",
                  "hostingstart.html"
                ],
                "detailed_error_logging_enabled": false,
                "ftps_state": "Disabled",
                "health_check_eviction_time_in_min": 0,
                "health_check_path": "",
                "http2_enabled": false,
                "ip_restriction": [],
                "linux_fx_version": "",
                "load_balancing_mode": "LeastRequests",
                "local_mysql_enabled": false,
                "managed_pipeline_mode": "Integrated",
                "minimum_tls_version": "1.2",
                "remote_debugging_enabled": false,
                "remote_debugging_version": "VS2019",
                "scm_ip_restriction": [],
                "scm_minimum_tls_version": "1.2",
                "scm_type": "None",
                "scm_use_main_ip_restriction": false,
                "use_32_bit_worker": true,
                "virtual_application": [],
                "vnet_route_all_enabled": false,
                "websockets_enabled": false,
                "windows_fx_version": "",
                "worker_count": 1
              }
            ],
            "site_credential": [
              {
                "name": "$zgebs-wb-dev-dgv-wapp-ne-9897",
                "password": "57xN7acyek0S5dZRPK9q9cQnY9BQD6Nxn09DoAuDi2lq37eRtKp6lp98iQnz"
              }
            ],
            "sticky_settings": [],
            "storage_account": [],
            "tags": null,
            "timeouts": null,
            "virtual_network_subnet_id": "",
            "zip_deploy_file": ""
          },
          "sensitive_attributes": [],
          "private": "eyJlMmJmYjczMC1lY2FhLTExZTYtOGY4OC0zNDM2M2JjN2M0YzAiOnsiY3JlYXRlIjoxODAwMDAwMDAwMDAwLCJkZWxldGUiOjE4MDAwMDAwMDAwMDAsInJlYWQiOjMwMDAwMDAwMDAwMCwidXBkYXRlIjoxODAwMDAwMDAwMDAwfX0=",
          "dependencies": [
            "module.app-service.azurerm_resource_group.app",
            "module.app-service.azurerm_service_plan.app"
          ]
        }
      ]
    },
    {
      "module": "module.app-service",
      "mode": "managed",
      "type": "azurerm_windows_web_app",
      "name": "fcsd_webapp",
      "provider": "provider[\"registry.terraform.io/hashicorp/azurerm\"]",
      "instances": [
        {
          "schema_version": 0,
          "attributes": {
            "app_settings": null,
            "auth_settings": [],
            "auth_settings_v2": [],
            "backup": [],
            "client_affinity_enabled": false,
            "client_certificate_enabled": false,
            "client_certificate_exclusion_paths": "",
            "client_certificate_mode": "Required",
            "connection_string": [],
            "custom_domain_verification_id": "EF7ACC1196953A72EBB1B51C1D448D1699325C9A9CF7820D51A90BE70736BE63",
            "default_hostname": "zgebs-wb-dev-fcsd-wapp-ne-9897.azurewebsites.net",
            "enabled": true,
            "https_only": false,
            "id": "/subscriptions/fec1a8c7-3053-43ab-b51d-9fcc38bd9399/resourceGroups/zgebs-workbench-dev-application-rg/providers/Microsoft.Web/sites/zgebs-wb-dev-fcsd-wapp-ne-9897",
            "identity": [],
            "key_vault_reference_identity_id": "SystemAssigned",
            "kind": "app",
            "location": "northeurope",
            "logs": [],
            "name": "zgebs-wb-dev-fcsd-wapp-ne-9897",
            "outbound_ip_address_list": [
              "20.67.171.99",
              "20.67.171.129",
              "20.67.172.9",
              "20.67.172.91",
              "20.67.172.243",
              "20.67.173.5",
              "20.107.224.17"
            ],
            "outbound_ip_addresses": "20.67.171.99,20.67.171.129,20.67.172.9,20.67.172.91,20.67.172.243,20.67.173.5,20.107.224.17",
            "possible_outbound_ip_address_list": [
              "20.67.168.247",
              "20.67.169.146",
              "20.67.169.223",
              "20.67.170.0",
              "20.67.170.202",
              "20.67.170.220",
              "20.67.171.99",
              "20.67.171.129",
              "20.67.172.9",
              "20.67.172.91",
              "20.67.172.243",
              "20.67.173.5",
              "20.67.173.29",
              "20.67.173.31",
              "20.67.173.176",
              "20.67.174.57",
              "20.67.174.66",
              "20.67.174.208",
              "20.67.174.221",
              "20.67.174.223",
              "20.67.174.227",
              "20.67.174.238",
              "20.67.173.18",
              "20.67.175.27",
              "20.67.175.30",
              "20.67.175.41",
              "20.67.175.50",
              "20.67.175.65",
              "20.67.175.89",
              "20.67.175.91",
              "20.107.224.17"
            ],
            "possible_outbound_ip_addresses": "20.67.168.247,20.67.169.146,20.67.169.223,20.67.170.0,20.67.170.202,20.67.170.220,20.67.171.99,20.67.171.129,20.67.172.9,20.67.172.91,20.67.172.243,20.67.173.5,20.67.173.29,20.67.173.31,20.67.173.176,20.67.174.57,20.67.174.66,20.67.174.208,20.67.174.221,20.67.174.223,20.67.174.227,20.67.174.238,20.67.173.18,20.67.175.27,20.67.175.30,20.67.175.41,20.67.175.50,20.67.175.65,20.67.175.89,20.67.175.91,20.107.224.17",
            "resource_group_name": "zgebs-workbench-dev-application-rg",
            "service_plan_id": "/subscriptions/fec1a8c7-3053-43ab-b51d-9fcc38bd9399/resourceGroups/zgebs-workbench-dev-application-rg/providers/Microsoft.Web/serverfarms/plan-1987010878",
            "site_config": [
              {
                "always_on": true,
                "api_definition_url": "",
                "api_management_api_id": "",
                "app_command_line": "",
                "application_stack": [
                  {
                    "current_stack": "",
                    "docker_container_name": "",
                    "docker_container_registry": "",
                    "docker_container_tag": "",
                    "dotnet_core_version": "",
                    "dotnet_version": "",
                    "java_container": "",
                    "java_container_version": "",
                    "java_embedded_server_enabled": false,
                    "java_version": "",
                    "node_version": "",
                    "php_version": "5.6",
                    "python": false,
                    "python_version": "",
                    "tomcat_version": ""
                  }
                ],
                "auto_heal_enabled": false,
                "auto_heal_setting": [],
                "container_registry_managed_identity_client_id": "",
                "container_registry_use_managed_identity": false,
                "cors": [],
                "default_documents": [
                  "Default.htm",
                  "Default.html",
                  "Default.asp",
                  "index.htm",
                  "index.html",
                  "iisstart.htm",
                  "default.aspx",
                  "index.php",
                  "hostingstart.html"
                ],
                "detailed_error_logging_enabled": false,
                "ftps_state": "Disabled",
                "health_check_eviction_time_in_min": 0,
                "health_check_path": "",
                "http2_enabled": false,
                "ip_restriction": [],
                "linux_fx_version": "",
                "load_balancing_mode": "LeastRequests",
                "local_mysql_enabled": false,
                "managed_pipeline_mode": "Integrated",
                "minimum_tls_version": "1.2",
                "remote_debugging_enabled": false,
                "remote_debugging_version": "VS2019",
                "scm_ip_restriction": [],
                "scm_minimum_tls_version": "1.2",
                "scm_type": "None",
                "scm_use_main_ip_restriction": false,
                "use_32_bit_worker": true,
                "virtual_application": [],
                "vnet_route_all_enabled": false,
                "websockets_enabled": false,
                "windows_fx_version": "",
                "worker_count": 1
              }
            ],
            "site_credential": [
              {
                "name": "$zgebs-wb-dev-fcsd-wapp-ne-9897",
                "password": "PANqBFxwi30rwSmlc0GiFG3p8Ss7LqvKxe41cgaQotNgcmr6hTSWTQN8xsTw"
              }
            ],
            "sticky_settings": [],
            "storage_account": [],
            "tags": null,
            "timeouts": null,
            "virtual_network_subnet_id": "",
            "zip_deploy_file": ""
          },
          "sensitive_attributes": [],
          "private": "eyJlMmJmYjczMC1lY2FhLTExZTYtOGY4OC0zNDM2M2JjN2M0YzAiOnsiY3JlYXRlIjoxODAwMDAwMDAwMDAwLCJkZWxldGUiOjE4MDAwMDAwMDAwMDAsInJlYWQiOjMwMDAwMDAwMDAwMCwidXBkYXRlIjoxODAwMDAwMDAwMDAwfX0=",
          "dependencies": [
            "module.app-service.azurerm_resource_group.app",
            "module.app-service.azurerm_service_plan.app"
          ]
        }
      ]
    },
    {
      "module": "module.app-service",
      "mode": "managed",
      "type": "azurerm_windows_web_app",
      "name": "lpa_webapp",
      "provider": "provider[\"registry.terraform.io/hashicorp/azurerm\"]",
      "instances": [
        {
          "schema_version": 0,
          "attributes": {
            "app_settings": null,
            "auth_settings": [],
            "auth_settings_v2": [],
            "backup": [],
            "client_affinity_enabled": false,
            "client_certificate_enabled": false,
            "client_certificate_exclusion_paths": "",
            "client_certificate_mode": "Required",
            "connection_string": [],
            "custom_domain_verification_id": "EF7ACC1196953A72EBB1B51C1D448D1699325C9A9CF7820D51A90BE70736BE63",
            "default_hostname": "zgebs-wb-dev-lpa-wapp-ne-9897.azurewebsites.net",
            "enabled": true,
            "https_only": false,
            "id": "/subscriptions/fec1a8c7-3053-43ab-b51d-9fcc38bd9399/resourceGroups/zgebs-workbench-dev-application-rg/providers/Microsoft.Web/sites/zgebs-wb-dev-lpa-wapp-ne-9897",
            "identity": [],
            "key_vault_reference_identity_id": "SystemAssigned",
            "kind": "app",
            "location": "northeurope",
            "logs": [],
            "name": "zgebs-wb-dev-lpa-wapp-ne-9897",
            "outbound_ip_address_list": [
              "20.67.171.99",
              "20.67.171.129",
              "20.67.172.9",
              "20.67.172.91",
              "20.67.172.243",
              "20.67.173.5",
              "20.107.224.17"
            ],
            "outbound_ip_addresses": "20.67.171.99,20.67.171.129,20.67.172.9,20.67.172.91,20.67.172.243,20.67.173.5,20.107.224.17",
            "possible_outbound_ip_address_list": [
              "20.67.168.247",
              "20.67.169.146",
              "20.67.169.223",
              "20.67.170.0",
              "20.67.170.202",
              "20.67.170.220",
              "20.67.171.99",
              "20.67.171.129",
              "20.67.172.9",
              "20.67.172.91",
              "20.67.172.243",
              "20.67.173.5",
              "20.67.173.29",
              "20.67.173.31",
              "20.67.173.176",
              "20.67.174.57",
              "20.67.174.66",
              "20.67.174.208",
              "20.67.174.221",
              "20.67.174.223",
              "20.67.174.227",
              "20.67.174.238",
              "20.67.173.18",
              "20.67.175.27",
              "20.67.175.30",
              "20.67.175.41",
              "20.67.175.50",
              "20.67.175.65",
              "20.67.175.89",
              "20.67.175.91",
              "20.107.224.17"
            ],
            "possible_outbound_ip_addresses": "20.67.168.247,20.67.169.146,20.67.169.223,20.67.170.0,20.67.170.202,20.67.170.220,20.67.171.99,20.67.171.129,20.67.172.9,20.67.172.91,20.67.172.243,20.67.173.5,20.67.173.29,20.67.173.31,20.67.173.176,20.67.174.57,20.67.174.66,20.67.174.208,20.67.174.221,20.67.174.223,20.67.174.227,20.67.174.238,20.67.173.18,20.67.175.27,20.67.175.30,20.67.175.41,20.67.175.50,20.67.175.65,20.67.175.89,20.67.175.91,20.107.224.17",
            "resource_group_name": "zgebs-workbench-dev-application-rg",
            "service_plan_id": "/subscriptions/fec1a8c7-3053-43ab-b51d-9fcc38bd9399/resourceGroups/zgebs-workbench-dev-application-rg/providers/Microsoft.Web/serverfarms/plan-1987010878",
            "site_config": [
              {
                "always_on": true,
                "api_definition_url": "",
                "api_management_api_id": "",
                "app_command_line": "",
                "application_stack": [
                  {
                    "current_stack": "",
                    "docker_container_name": "",
                    "docker_container_registry": "",
                    "docker_container_tag": "",
                    "dotnet_core_version": "",
                    "dotnet_version": "",
                    "java_container": "",
                    "java_container_version": "",
                    "java_embedded_server_enabled": false,
                    "java_version": "",
                    "node_version": "",
                    "php_version": "5.6",
                    "python": false,
                    "python_version": "",
                    "tomcat_version": ""
                  }
                ],
                "auto_heal_enabled": false,
                "auto_heal_setting": [],
                "container_registry_managed_identity_client_id": "",
                "container_registry_use_managed_identity": false,
                "cors": [],
                "default_documents": [
                  "Default.htm",
                  "Default.html",
                  "Default.asp",
                  "index.htm",
                  "index.html",
                  "iisstart.htm",
                  "default.aspx",
                  "index.php",
                  "hostingstart.html"
                ],
                "detailed_error_logging_enabled": false,
                "ftps_state": "Disabled",
                "health_check_eviction_time_in_min": 0,
                "health_check_path": "",
                "http2_enabled": false,
                "ip_restriction": [],
                "linux_fx_version": "",
                "load_balancing_mode": "LeastRequests",
                "local_mysql_enabled": false,
                "managed_pipeline_mode": "Integrated",
                "minimum_tls_version": "1.2",
                "remote_debugging_enabled": false,
                "remote_debugging_version": "VS2019",
                "scm_ip_restriction": [],
                "scm_minimum_tls_version": "1.2",
                "scm_type": "None",
                "scm_use_main_ip_restriction": false,
                "use_32_bit_worker": true,
                "virtual_application": [],
                "vnet_route_all_enabled": false,
                "websockets_enabled": false,
                "windows_fx_version": "",
                "worker_count": 1
              }
            ],
            "site_credential": [
              {
                "name": "$zgebs-wb-dev-lpa-wapp-ne-9897",
                "password": "6KuRmqrjX6B4lerFPzR7CQo2ZBszfFToFtt2sFKxtQ0eEBvd8WDn296wK7jh"
              }
            ],
            "sticky_settings": [],
            "storage_account": [],
            "tags": null,
            "timeouts": null,
            "virtual_network_subnet_id": "",
            "zip_deploy_file": ""
          },
          "sensitive_attributes": [],
          "private": "eyJlMmJmYjczMC1lY2FhLTExZTYtOGY4OC0zNDM2M2JjN2M0YzAiOnsiY3JlYXRlIjoxODAwMDAwMDAwMDAwLCJkZWxldGUiOjE4MDAwMDAwMDAwMDAsInJlYWQiOjMwMDAwMDAwMDAwMCwidXBkYXRlIjoxODAwMDAwMDAwMDAwfX0=",
          "dependencies": [
            "module.app-service.azurerm_resource_group.app",
            "module.app-service.azurerm_service_plan.app"
          ]
        }
      ]
    },
    {
      "module": "module.app-service",
      "mode": "managed",
      "type": "azurerm_windows_web_app",
      "name": "mzsa_webapp",
      "provider": "provider[\"registry.terraform.io/hashicorp/azurerm\"]",
      "instances": [
        {
          "schema_version": 0,
          "attributes": {
            "app_settings": null,
            "auth_settings": [],
            "auth_settings_v2": [],
            "backup": [],
            "client_affinity_enabled": false,
            "client_certificate_enabled": false,
            "client_certificate_exclusion_paths": "",
            "client_certificate_mode": "Required",
            "connection_string": [],
            "custom_domain_verification_id": "EF7ACC1196953A72EBB1B51C1D448D1699325C9A9CF7820D51A90BE70736BE63",
            "default_hostname": "zgebs-wb-dev-mzsa-wapp-ne-9897.azurewebsites.net",
            "enabled": true,
            "https_only": false,
            "id": "/subscriptions/fec1a8c7-3053-43ab-b51d-9fcc38bd9399/resourceGroups/zgebs-workbench-dev-application-rg/providers/Microsoft.Web/sites/zgebs-wb-dev-mzsa-wapp-ne-9897",
            "identity": [],
            "key_vault_reference_identity_id": "SystemAssigned",
            "kind": "app",
            "location": "northeurope",
            "logs": [],
            "name": "zgebs-wb-dev-mzsa-wapp-ne-9897",
            "outbound_ip_address_list": [
              "20.67.171.99",
              "20.67.171.129",
              "20.67.172.9",
              "20.67.172.91",
              "20.67.172.243",
              "20.67.173.5",
              "20.107.224.17"
            ],
            "outbound_ip_addresses": "20.67.171.99,20.67.171.129,20.67.172.9,20.67.172.91,20.67.172.243,20.67.173.5,20.107.224.17",
            "possible_outbound_ip_address_list": [
              "20.67.168.247",
              "20.67.169.146",
              "20.67.169.223",
              "20.67.170.0",
              "20.67.170.202",
              "20.67.170.220",
              "20.67.171.99",
              "20.67.171.129",
              "20.67.172.9",
              "20.67.172.91",
              "20.67.172.243",
              "20.67.173.5",
              "20.67.173.29",
              "20.67.173.31",
              "20.67.173.176",
              "20.67.174.57",
              "20.67.174.66",
              "20.67.174.208",
              "20.67.174.221",
              "20.67.174.223",
              "20.67.174.227",
              "20.67.174.238",
              "20.67.173.18",
              "20.67.175.27",
              "20.67.175.30",
              "20.67.175.41",
              "20.67.175.50",
              "20.67.175.65",
              "20.67.175.89",
              "20.67.175.91",
              "20.107.224.17"
            ],
            "possible_outbound_ip_addresses": "20.67.168.247,20.67.169.146,20.67.169.223,20.67.170.0,20.67.170.202,20.67.170.220,20.67.171.99,20.67.171.129,20.67.172.9,20.67.172.91,20.67.172.243,20.67.173.5,20.67.173.29,20.67.173.31,20.67.173.176,20.67.174.57,20.67.174.66,20.67.174.208,20.67.174.221,20.67.174.223,20.67.174.227,20.67.174.238,20.67.173.18,20.67.175.27,20.67.175.30,20.67.175.41,20.67.175.50,20.67.175.65,20.67.175.89,20.67.175.91,20.107.224.17",
            "resource_group_name": "zgebs-workbench-dev-application-rg",
            "service_plan_id": "/subscriptions/fec1a8c7-3053-43ab-b51d-9fcc38bd9399/resourceGroups/zgebs-workbench-dev-application-rg/providers/Microsoft.Web/serverfarms/plan-1987010878",
            "site_config": [
              {
                "always_on": true,
                "api_definition_url": "",
                "api_management_api_id": "",
                "app_command_line": "",
                "application_stack": [
                  {
                    "current_stack": "",
                    "docker_container_name": "",
                    "docker_container_registry": "",
                    "docker_container_tag": "",
                    "dotnet_core_version": "",
                    "dotnet_version": "",
                    "java_container": "",
                    "java_container_version": "",
                    "java_embedded_server_enabled": false,
                    "java_version": "",
                    "node_version": "",
                    "php_version": "5.6",
                    "python": false,
                    "python_version": "",
                    "tomcat_version": ""
                  }
                ],
                "auto_heal_enabled": false,
                "auto_heal_setting": [],
                "container_registry_managed_identity_client_id": "",
                "container_registry_use_managed_identity": false,
                "cors": [],
                "default_documents": [
                  "Default.htm",
                  "Default.html",
                  "Default.asp",
                  "index.htm",
                  "index.html",
                  "iisstart.htm",
                  "default.aspx",
                  "index.php",
                  "hostingstart.html"
                ],
                "detailed_error_logging_enabled": false,
                "ftps_state": "Disabled",
                "health_check_eviction_time_in_min": 0,
                "health_check_path": "",
                "http2_enabled": false,
                "ip_restriction": [],
                "linux_fx_version": "",
                "load_balancing_mode": "LeastRequests",
                "local_mysql_enabled": false,
                "managed_pipeline_mode": "Integrated",
                "minimum_tls_version": "1.2",
                "remote_debugging_enabled": false,
                "remote_debugging_version": "VS2019",
                "scm_ip_restriction": [],
                "scm_minimum_tls_version": "1.2",
                "scm_type": "None",
                "scm_use_main_ip_restriction": false,
                "use_32_bit_worker": true,
                "virtual_application": [],
                "vnet_route_all_enabled": false,
                "websockets_enabled": false,
                "windows_fx_version": "",
                "worker_count": 1
              }
            ],
            "site_credential": [
              {
                "name": "$zgebs-wb-dev-mzsa-wapp-ne-9897",
                "password": "lgfb5JDFPqaHgKkeu8amg0ExTZhZYqPubLnqoxAZ4RYbQWf7oEtSdcr3DlF0"
              }
            ],
            "sticky_settings": [],
            "storage_account": [],
            "tags": null,
            "timeouts": null,
            "virtual_network_subnet_id": "",
            "zip_deploy_file": ""
          },
          "sensitive_attributes": [],
          "private": "eyJlMmJmYjczMC1lY2FhLTExZTYtOGY4OC0zNDM2M2JjN2M0YzAiOnsiY3JlYXRlIjoxODAwMDAwMDAwMDAwLCJkZWxldGUiOjE4MDAwMDAwMDAwMDAsInJlYWQiOjMwMDAwMDAwMDAwMCwidXBkYXRlIjoxODAwMDAwMDAwMDAwfX0=",
          "dependencies": [
            "module.app-service.azurerm_resource_group.app",
            "module.app-service.azurerm_service_plan.app"
          ]
        }
      ]
    },
    {
      "module": "module.app-service",
      "mode": "managed",
      "type": "azurerm_windows_web_app",
      "name": "nwp_webapp",
      "provider": "provider[\"registry.terraform.io/hashicorp/azurerm\"]",
      "instances": [
        {
          "schema_version": 0,
          "attributes": {
            "app_settings": null,
            "auth_settings": [],
            "auth_settings_v2": [],
            "backup": [],
            "client_affinity_enabled": false,
            "client_certificate_enabled": false,
            "client_certificate_exclusion_paths": "",
            "client_certificate_mode": "Required",
            "connection_string": [],
            "custom_domain_verification_id": "EF7ACC1196953A72EBB1B51C1D448D1699325C9A9CF7820D51A90BE70736BE63",
            "default_hostname": "zgebs-wb-dev-nwp-wapp-ne-9897.azurewebsites.net",
            "enabled": true,
            "https_only": false,
            "id": "/subscriptions/fec1a8c7-3053-43ab-b51d-9fcc38bd9399/resourceGroups/zgebs-workbench-dev-application-rg/providers/Microsoft.Web/sites/zgebs-wb-dev-nwp-wapp-ne-9897",
            "identity": [],
            "key_vault_reference_identity_id": "SystemAssigned",
            "kind": "app",
            "location": "northeurope",
            "logs": [],
            "name": "zgebs-wb-dev-nwp-wapp-ne-9897",
            "outbound_ip_address_list": [
              "20.67.171.99",
              "20.67.171.129",
              "20.67.172.9",
              "20.67.172.91",
              "20.67.172.243",
              "20.67.173.5",
              "20.107.224.17"
            ],
            "outbound_ip_addresses": "20.67.171.99,20.67.171.129,20.67.172.9,20.67.172.91,20.67.172.243,20.67.173.5,20.107.224.17",
            "possible_outbound_ip_address_list": [
              "20.67.168.247",
              "20.67.169.146",
              "20.67.169.223",
              "20.67.170.0",
              "20.67.170.202",
              "20.67.170.220",
              "20.67.171.99",
              "20.67.171.129",
              "20.67.172.9",
              "20.67.172.91",
              "20.67.172.243",
              "20.67.173.5",
              "20.67.173.29",
              "20.67.173.31",
              "20.67.173.176",
              "20.67.174.57",
              "20.67.174.66",
              "20.67.174.208",
              "20.67.174.221",
              "20.67.174.223",
              "20.67.174.227",
              "20.67.174.238",
              "20.67.173.18",
              "20.67.175.27",
              "20.67.175.30",
              "20.67.175.41",
              "20.67.175.50",
              "20.67.175.65",
              "20.67.175.89",
              "20.67.175.91",
              "20.107.224.17"
            ],
            "possible_outbound_ip_addresses": "20.67.168.247,20.67.169.146,20.67.169.223,20.67.170.0,20.67.170.202,20.67.170.220,20.67.171.99,20.67.171.129,20.67.172.9,20.67.172.91,20.67.172.243,20.67.173.5,20.67.173.29,20.67.173.31,20.67.173.176,20.67.174.57,20.67.174.66,20.67.174.208,20.67.174.221,20.67.174.223,20.67.174.227,20.67.174.238,20.67.173.18,20.67.175.27,20.67.175.30,20.67.175.41,20.67.175.50,20.67.175.65,20.67.175.89,20.67.175.91,20.107.224.17",
            "resource_group_name": "zgebs-workbench-dev-application-rg",
            "service_plan_id": "/subscriptions/fec1a8c7-3053-43ab-b51d-9fcc38bd9399/resourceGroups/zgebs-workbench-dev-application-rg/providers/Microsoft.Web/serverfarms/plan-1987010878",
            "site_config": [
              {
                "always_on": true,
                "api_definition_url": "",
                "api_management_api_id": "",
                "app_command_line": "",
                "application_stack": [
                  {
                    "current_stack": "",
                    "docker_container_name": "",
                    "docker_container_registry": "",
                    "docker_container_tag": "",
                    "dotnet_core_version": "",
                    "dotnet_version": "",
                    "java_container": "",
                    "java_container_version": "",
                    "java_embedded_server_enabled": false,
                    "java_version": "",
                    "node_version": "",
                    "php_version": "5.6",
                    "python": false,
                    "python_version": "",
                    "tomcat_version": ""
                  }
                ],
                "auto_heal_enabled": false,
                "auto_heal_setting": [],
                "container_registry_managed_identity_client_id": "",
                "container_registry_use_managed_identity": false,
                "cors": [],
                "default_documents": [
                  "Default.htm",
                  "Default.html",
                  "Default.asp",
                  "index.htm",
                  "index.html",
                  "iisstart.htm",
                  "default.aspx",
                  "index.php",
                  "hostingstart.html"
                ],
                "detailed_error_logging_enabled": false,
                "ftps_state": "Disabled",
                "health_check_eviction_time_in_min": 0,
                "health_check_path": "",
                "http2_enabled": false,
                "ip_restriction": [],
                "linux_fx_version": "",
                "load_balancing_mode": "LeastRequests",
                "local_mysql_enabled": false,
                "managed_pipeline_mode": "Integrated",
                "minimum_tls_version": "1.2",
                "remote_debugging_enabled": false,
                "remote_debugging_version": "VS2019",
                "scm_ip_restriction": [],
                "scm_minimum_tls_version": "1.2",
                "scm_type": "None",
                "scm_use_main_ip_restriction": false,
                "use_32_bit_worker": true,
                "virtual_application": [],
                "vnet_route_all_enabled": false,
                "websockets_enabled": false,
                "windows_fx_version": "",
                "worker_count": 1
              }
            ],
            "site_credential": [
              {
                "name": "$zgebs-wb-dev-nwp-wapp-ne-9897",
                "password": "yGpm6FQpnYrDlmzjzopaSlyDzcsqoTuotxWxwScLDGud0QuHdi3rGkDzZNth"
              }
            ],
            "sticky_settings": [],
            "storage_account": [],
            "tags": null,
            "timeouts": null,
            "virtual_network_subnet_id": "",
            "zip_deploy_file": ""
          },
          "sensitive_attributes": [],
          "private": "eyJlMmJmYjczMC1lY2FhLTExZTYtOGY4OC0zNDM2M2JjN2M0YzAiOnsiY3JlYXRlIjoxODAwMDAwMDAwMDAwLCJkZWxldGUiOjE4MDAwMDAwMDAwMDAsInJlYWQiOjMwMDAwMDAwMDAwMCwidXBkYXRlIjoxODAwMDAwMDAwMDAwfX0=",
          "dependencies": [
            "module.app-service.azurerm_resource_group.app",
            "module.app-service.azurerm_service_plan.app"
          ]
        }
      ]
    },
    {
      "module": "module.app-service",
      "mode": "managed",
      "type": "azurerm_windows_web_app",
      "name": "zhrz_webapp",
      "provider": "provider[\"registry.terraform.io/hashicorp/azurerm\"]",
      "instances": [
        {
          "schema_version": 0,
          "attributes": {
            "app_settings": null,
            "auth_settings": [],
            "auth_settings_v2": [],
            "backup": [],
            "client_affinity_enabled": false,
            "client_certificate_enabled": false,
            "client_certificate_exclusion_paths": "",
            "client_certificate_mode": "Required",
            "connection_string": [],
            "custom_domain_verification_id": "EF7ACC1196953A72EBB1B51C1D448D1699325C9A9CF7820D51A90BE70736BE63",
            "default_hostname": "zgebs-wb-dev-zhrz-wapp-ne-9897.azurewebsites.net",
            "enabled": true,
            "https_only": false,
            "id": "/subscriptions/fec1a8c7-3053-43ab-b51d-9fcc38bd9399/resourceGroups/zgebs-workbench-dev-application-rg/providers/Microsoft.Web/sites/zgebs-wb-dev-zhrz-wapp-ne-9897",
            "identity": [],
            "key_vault_reference_identity_id": "SystemAssigned",
            "kind": "app",
            "location": "northeurope",
            "logs": [],
            "name": "zgebs-wb-dev-zhrz-wapp-ne-9897",
            "outbound_ip_address_list": [
              "20.67.171.99",
              "20.67.171.129",
              "20.67.172.9",
              "20.67.172.91",
              "20.67.172.243",
              "20.67.173.5",
              "20.107.224.17"
            ],
            "outbound_ip_addresses": "20.67.171.99,20.67.171.129,20.67.172.9,20.67.172.91,20.67.172.243,20.67.173.5,20.107.224.17",
            "possible_outbound_ip_address_list": [
              "20.67.168.247",
              "20.67.169.146",
              "20.67.169.223",
              "20.67.170.0",
              "20.67.170.202",
              "20.67.170.220",
              "20.67.171.99",
              "20.67.171.129",
              "20.67.172.9",
              "20.67.172.91",
              "20.67.172.243",
              "20.67.173.5",
              "20.67.173.29",
              "20.67.173.31",
              "20.67.173.176",
              "20.67.174.57",
              "20.67.174.66",
              "20.67.174.208",
              "20.67.174.221",
              "20.67.174.223",
              "20.67.174.227",
              "20.67.174.238",
              "20.67.173.18",
              "20.67.175.27",
              "20.67.175.30",
              "20.67.175.41",
              "20.67.175.50",
              "20.67.175.65",
              "20.67.175.89",
              "20.67.175.91",
              "20.107.224.17"
            ],
            "possible_outbound_ip_addresses": "20.67.168.247,20.67.169.146,20.67.169.223,20.67.170.0,20.67.170.202,20.67.170.220,20.67.171.99,20.67.171.129,20.67.172.9,20.67.172.91,20.67.172.243,20.67.173.5,20.67.173.29,20.67.173.31,20.67.173.176,20.67.174.57,20.67.174.66,20.67.174.208,20.67.174.221,20.67.174.223,20.67.174.227,20.67.174.238,20.67.173.18,20.67.175.27,20.67.175.30,20.67.175.41,20.67.175.50,20.67.175.65,20.67.175.89,20.67.175.91,20.107.224.17",
            "resource_group_name": "zgebs-workbench-dev-application-rg",
            "service_plan_id": "/subscriptions/fec1a8c7-3053-43ab-b51d-9fcc38bd9399/resourceGroups/zgebs-workbench-dev-application-rg/providers/Microsoft.Web/serverfarms/plan-1987010878",
            "site_config": [
              {
                "always_on": true,
                "api_definition_url": "",
                "api_management_api_id": "",
                "app_command_line": "",
                "application_stack": [
                  {
                    "current_stack": "",
                    "docker_container_name": "",
                    "docker_container_registry": "",
                    "docker_container_tag": "",
                    "dotnet_core_version": "",
                    "dotnet_version": "",
                    "java_container": "",
                    "java_container_version": "",
                    "java_embedded_server_enabled": false,
                    "java_version": "",
                    "node_version": "",
                    "php_version": "5.6",
                    "python": false,
                    "python_version": "",
                    "tomcat_version": ""
                  }
                ],
                "auto_heal_enabled": false,
                "auto_heal_setting": [],
                "container_registry_managed_identity_client_id": "",
                "container_registry_use_managed_identity": false,
                "cors": [],
                "default_documents": [
                  "Default.htm",
                  "Default.html",
                  "Default.asp",
                  "index.htm",
                  "index.html",
                  "iisstart.htm",
                  "default.aspx",
                  "index.php",
                  "hostingstart.html"
                ],
                "detailed_error_logging_enabled": false,
                "ftps_state": "Disabled",
                "health_check_eviction_time_in_min": 0,
                "health_check_path": "",
                "http2_enabled": false,
                "ip_restriction": [],
                "linux_fx_version": "",
                "load_balancing_mode": "LeastRequests",
                "local_mysql_enabled": false,
                "managed_pipeline_mode": "Integrated",
                "minimum_tls_version": "1.2",
                "remote_debugging_enabled": false,
                "remote_debugging_version": "VS2019",
                "scm_ip_restriction": [],
                "scm_minimum_tls_version": "1.2",
                "scm_type": "None",
                "scm_use_main_ip_restriction": false,
                "use_32_bit_worker": true,
                "virtual_application": [],
                "vnet_route_all_enabled": false,
                "websockets_enabled": false,
                "windows_fx_version": "",
                "worker_count": 1
              }
            ],
            "site_credential": [
              {
                "name": "$zgebs-wb-dev-zhrz-wapp-ne-9897",
                "password": "4JpCG1l5NgtzoshLiJxDmCPPHi4weQhuxxGnYqeXhjBXwRF9ElpmuyriXQxE"
              }
            ],
            "sticky_settings": [],
            "storage_account": [],
            "tags": null,
            "timeouts": null,
            "virtual_network_subnet_id": "",
            "zip_deploy_file": ""
          },
          "sensitive_attributes": [],
          "private": "eyJlMmJmYjczMC1lY2FhLTExZTYtOGY4OC0zNDM2M2JjN2M0YzAiOnsiY3JlYXRlIjoxODAwMDAwMDAwMDAwLCJkZWxldGUiOjE4MDAwMDAwMDAwMDAsInJlYWQiOjMwMDAwMDAwMDAwMCwidXBkYXRlIjoxODAwMDAwMDAwMDAwfX0=",
          "dependencies": [
            "module.app-service.azurerm_resource_group.app",
            "module.app-service.azurerm_service_plan.app"
          ]
        }
      ]
    },
    {
      "module": "module.keyvault",
      "mode": "data",
      "type": "azurerm_client_config",
      "name": "current",
      "provider": "provider[\"registry.terraform.io/hashicorp/azurerm\"]",
      "instances": [
        {
          "schema_version": 0,
          "attributes": {
            "client_id": "04b07795-8ddb-461a-bbee-02f9e1bf7b46",
            "id": "Y2xpZW50Q29uZmlncy9jbGllbnRJZD0wNGIwNzc5NS04ZGRiLTQ2MWEtYmJlZS0wMmY5ZTFiZjdiNDY7b2JqZWN0SWQ9ZWFhYzUxYjQtMGY4MS00ZDY1LTg4MTEtMjJiNjRmMjQ5NmZhO3N1YnNjcmlwdGlvbklkPWZlYzFhOGM3LTMwNTMtNDNhYi1iNTFkLTlmY2MzOGJkOTM5OTt0ZW5hbnRJZD03YmUzNjQyNy0yY2RjLTQyNTUtOGZjZS0wNzRkNGM1MjBiMDQ=",
            "object_id": "eaac51b4-0f81-4d65-8811-22b64f2496fa",
            "subscription_id": "fec1a8c7-3053-43ab-b51d-9fcc38bd9399",
            "tenant_id": "7be36427-2cdc-4255-8fce-074d4c520b04",
            "timeouts": null
          },
          "sensitive_attributes": []
        }
      ]
    },
    {
      "module": "module.keyvault",
      "mode": "managed",
      "type": "azurerm_key_vault",
      "name": "kv",
      "provider": "provider[\"registry.terraform.io/hashicorp/azurerm\"]",
      "instances": [
        {
          "schema_version": 2,
          "attributes": {
            "access_policy": [
              {
                "application_id": "",
                "certificate_permissions": null,
                "key_permissions": [
                  "Get",
                  "Create",
                  "Delete",
                  "Encrypt",
                  "Backup",
                  "List",
                  "Recover",
                  "Update"
                ],
                "object_id": "eaac51b4-0f81-4d65-8811-22b64f2496fa",
                "secret_permissions": [
                  "Get",
                  "Backup",
                  "Delete",
                  "List",
                  "Purge",
                  "Recover",
                  "Restore",
                  "Set"
                ],
                "storage_permissions": [
                  "Get",
                  "Delete",
                  "Backup",
                  "List",
                  "Update"
                ],
                "tenant_id": "7be36427-2cdc-4255-8fce-074d4c520b04"
              }
            ],
            "contact": [],
            "enable_rbac_authorization": false,
            "enabled_for_deployment": false,
            "enabled_for_disk_encryption": true,
            "enabled_for_template_deployment": false,
            "id": "/subscriptions/fec1a8c7-3053-43ab-b51d-9fcc38bd9399/resourceGroups/zgebs-workbench-dev-keyvault-rg/providers/Microsoft.KeyVault/vaults/zgebs-wb-dev-shrdkv-9897",
            "location": "northeurope",
            "name": "zgebs-wb-dev-shrdkv-9897",
            "network_acls": [
              {
                "bypass": "AzureServices",
                "default_action": "Allow",
                "ip_rules": [],
                "virtual_network_subnet_ids": []
              }
            ],
            "public_network_access_enabled": true,
            "purge_protection_enabled": false,
            "resource_group_name": "zgebs-workbench-dev-keyvault-rg",
            "sku_name": "standard",
            "soft_delete_retention_days": 90,
            "tags": null,
            "tenant_id": "7be36427-2cdc-4255-8fce-074d4c520b04",
            "timeouts": null,
            "vault_uri": "https://zgebs-wb-dev-shrdkv-9897.vault.azure.net/"
          },
          "sensitive_attributes": [],
          "private": "eyJlMmJmYjczMC1lY2FhLTExZTYtOGY4OC0zNDM2M2JjN2M0YzAiOnsiY3JlYXRlIjoxODAwMDAwMDAwMDAwLCJkZWxldGUiOjE4MDAwMDAwMDAwMDAsInJlYWQiOjMwMDAwMDAwMDAwMCwidXBkYXRlIjoxODAwMDAwMDAwMDAwfSwic2NoZW1hX3ZlcnNpb24iOiIyIn0=",
          "dependencies": [
            "module.keyvault.azurerm_resource_group.keyvault",
            "module.keyvault.data.azurerm_client_config.current"
          ]
        }
      ]
    },
    {
      "module": "module.keyvault",
      "mode": "managed",
      "type": "azurerm_resource_group",
      "name": "keyvault",
      "provider": "provider[\"registry.terraform.io/hashicorp/azurerm\"]",
      "instances": [
        {
          "schema_version": 0,
          "attributes": {
            "id": "/subscriptions/fec1a8c7-3053-43ab-b51d-9fcc38bd9399/resourceGroups/zgebs-workbench-dev-keyvault-rg",
            "location": "northeurope",
            "name": "zgebs-workbench-dev-keyvault-rg",
            "tags": null,
            "timeouts": null
          },
          "sensitive_attributes": [],
          "private": "eyJlMmJmYjczMC1lY2FhLTExZTYtOGY4OC0zNDM2M2JjN2M0YzAiOnsiY3JlYXRlIjo1NDAwMDAwMDAwMDAwLCJkZWxldGUiOjU0MDAwMDAwMDAwMDAsInJlYWQiOjMwMDAwMDAwMDAwMCwidXBkYXRlIjo1NDAwMDAwMDAwMDAwfX0="
        }
      ]
    },
    {
      "module": "module.network",
      "mode": "managed",
      "type": "azurerm_network_security_group",
      "name": "nsg",
      "provider": "provider[\"registry.terraform.io/hashicorp/azurerm\"]",
      "instances": [
        {
          "schema_version": 0,
          "attributes": {
            "id": "/subscriptions/fec1a8c7-3053-43ab-b51d-9fcc38bd9399/resourceGroups/zgebs-workbench-dev-neu-vnet-rg/providers/Microsoft.Network/networkSecurityGroups/workbench-dev-neu-vnet-nsg1",
            "location": "northeurope",
            "name": "workbench-dev-neu-vnet-nsg1",
            "resource_group_name": "zgebs-workbench-dev-neu-vnet-rg",
            "security_rule": [
              {
                "access": "Allow",
                "description": "",
                "destination_address_prefix": "*",
                "destination_address_prefixes": [],
                "destination_application_security_group_ids": [],
                "destination_port_range": "*",
                "destination_port_ranges": [],
                "direction": "Inbound",
                "name": "test123",
                "priority": 100,
                "protocol": "Tcp",
                "source_address_prefix": "*",
                "source_address_prefixes": [],
                "source_application_security_group_ids": [],
                "source_port_range": "*",
                "source_port_ranges": []
              }
            ],
            "tags": null,
            "timeouts": null
          },
          "sensitive_attributes": [],
          "private": "eyJlMmJmYjczMC1lY2FhLTExZTYtOGY4OC0zNDM2M2JjN2M0YzAiOnsiY3JlYXRlIjoxODAwMDAwMDAwMDAwLCJkZWxldGUiOjE4MDAwMDAwMDAwMDAsInJlYWQiOjMwMDAwMDAwMDAwMCwidXBkYXRlIjoxODAwMDAwMDAwMDAwfX0=",
          "dependencies": [
            "module.network.azurerm_resource_group.network"
          ]
        }
      ]
    },
    {
      "module": "module.network",
      "mode": "managed",
      "type": "azurerm_resource_group",
      "name": "network",
      "provider": "provider[\"registry.terraform.io/hashicorp/azurerm\"]",
      "instances": [
        {
          "schema_version": 0,
          "attributes": {
            "id": "/subscriptions/fec1a8c7-3053-43ab-b51d-9fcc38bd9399/resourceGroups/zgebs-workbench-dev-neu-vnet-rg",
            "location": "northeurope",
            "name": "zgebs-workbench-dev-neu-vnet-rg",
            "tags": null,
            "timeouts": null
          },
          "sensitive_attributes": [],
          "private": "eyJlMmJmYjczMC1lY2FhLTExZTYtOGY4OC0zNDM2M2JjN2M0YzAiOnsiY3JlYXRlIjo1NDAwMDAwMDAwMDAwLCJkZWxldGUiOjU0MDAwMDAwMDAwMDAsInJlYWQiOjMwMDAwMDAwMDAwMCwidXBkYXRlIjo1NDAwMDAwMDAwMDAwfX0="
        }
      ]
    },
    {
      "module": "module.network",
      "mode": "managed",
      "type": "azurerm_route_table",
      "name": "rt",
      "provider": "provider[\"registry.terraform.io/hashicorp/azurerm\"]",
      "instances": [
        {
          "schema_version": 0,
          "attributes": {
            "disable_bgp_route_propagation": false,
            "id": "/subscriptions/fec1a8c7-3053-43ab-b51d-9fcc38bd9399/resourceGroups/zgebs-workbench-dev-neu-vnet-rg/providers/Microsoft.Network/routeTables/workbench-dev-neu-vnet-rt1",
            "location": "northeurope",
            "name": "workbench-dev-neu-vnet-rt1",
            "resource_group_name": "zgebs-workbench-dev-neu-vnet-rg",
            "route": [
              {
                "address_prefix": "10.100.0.0/14",
                "name": "example",
                "next_hop_in_ip_address": "10.10.1.1",
                "next_hop_type": "VirtualAppliance"
              }
            ],
            "subnets": [],
            "tags": null,
            "timeouts": null
          },
          "sensitive_attributes": [],
          "private": "eyJlMmJmYjczMC1lY2FhLTExZTYtOGY4OC0zNDM2M2JjN2M0YzAiOnsiY3JlYXRlIjoxODAwMDAwMDAwMDAwLCJkZWxldGUiOjE4MDAwMDAwMDAwMDAsInJlYWQiOjMwMDAwMDAwMDAwMCwidXBkYXRlIjoxODAwMDAwMDAwMDAwfX0=",
          "dependencies": [
            "module.network.azurerm_resource_group.network"
          ]
        }
      ]
    },
    {
      "module": "module.network",
      "mode": "managed",
      "type": "azurerm_subnet",
      "name": "snet_apim",
      "provider": "provider[\"registry.terraform.io/hashicorp/azurerm\"]",
      "instances": [
        {
          "schema_version": 0,
          "attributes": {
            "address_prefixes": [
              "10.0.0.0/24"
            ],
            "delegation": [],
            "enforce_private_link_endpoint_network_policies": true,
            "enforce_private_link_service_network_policies": false,
            "id": "/subscriptions/fec1a8c7-3053-43ab-b51d-9fcc38bd9399/resourceGroups/zgebs-workbench-dev-neu-vnet-rg/providers/Microsoft.Network/virtualNetworks/workbench-dev-neu-vnet/subnets/zgebs-wb-dey-snet-apim-ne01",
            "name": "zgebs-wb-dey-snet-apim-ne01",
            "private_endpoint_network_policies_enabled": false,
            "private_link_service_network_policies_enabled": true,
            "resource_group_name": "zgebs-workbench-dev-neu-vnet-rg",
            "service_endpoint_policy_ids": null,
            "service_endpoints": null,
            "timeouts": null,
            "virtual_network_name": "workbench-dev-neu-vnet"
          },
          "sensitive_attributes": [],
          "private": "eyJlMmJmYjczMC1lY2FhLTExZTYtOGY4OC0zNDM2M2JjN2M0YzAiOnsiY3JlYXRlIjoxODAwMDAwMDAwMDAwLCJkZWxldGUiOjE4MDAwMDAwMDAwMDAsInJlYWQiOjMwMDAwMDAwMDAwMCwidXBkYXRlIjoxODAwMDAwMDAwMDAwfX0=",
          "dependencies": [
            "module.network.azurerm_resource_group.network",
            "module.network.azurerm_virtual_network.vnet"
          ]
        }
      ]
    },
    {
      "module": "module.network",
      "mode": "managed",
      "type": "azurerm_subnet",
      "name": "snet_shared",
      "provider": "provider[\"registry.terraform.io/hashicorp/azurerm\"]",
      "instances": [
        {
          "schema_version": 0,
          "attributes": {
            "address_prefixes": [
              "10.0.2.0/24"
            ],
            "delegation": [],
            "enforce_private_link_endpoint_network_policies": true,
            "enforce_private_link_service_network_policies": false,
            "id": "/subscriptions/fec1a8c7-3053-43ab-b51d-9fcc38bd9399/resourceGroups/zgebs-workbench-dev-neu-vnet-rg/providers/Microsoft.Network/virtualNetworks/workbench-dev-neu-vnet/subnets/zgebs-wb-dev-snet-shared-ne01",
            "name": "zgebs-wb-dev-snet-shared-ne01",
            "private_endpoint_network_policies_enabled": false,
            "private_link_service_network_policies_enabled": true,
            "resource_group_name": "zgebs-workbench-dev-neu-vnet-rg",
            "service_endpoint_policy_ids": null,
            "service_endpoints": null,
            "timeouts": null,
            "virtual_network_name": "workbench-dev-neu-vnet"
          },
          "sensitive_attributes": [],
          "private": "eyJlMmJmYjczMC1lY2FhLTExZTYtOGY4OC0zNDM2M2JjN2M0YzAiOnsiY3JlYXRlIjoxODAwMDAwMDAwMDAwLCJkZWxldGUiOjE4MDAwMDAwMDAwMDAsInJlYWQiOjMwMDAwMDAwMDAwMCwidXBkYXRlIjoxODAwMDAwMDAwMDAwfX0=",
          "dependencies": [
            "module.network.azurerm_resource_group.network",
            "module.network.azurerm_virtual_network.vnet"
          ]
        }
      ]
    },
    {
      "module": "module.network",
      "mode": "managed",
      "type": "azurerm_subnet",
      "name": "snet_webin",
      "provider": "provider[\"registry.terraform.io/hashicorp/azurerm\"]",
      "instances": [
        {
          "schema_version": 0,
          "attributes": {
            "address_prefixes": [
              "10.0.4.0/24"
            ],
            "delegation": [],
            "enforce_private_link_endpoint_network_policies": true,
            "enforce_private_link_service_network_policies": false,
            "id": "/subscriptions/fec1a8c7-3053-43ab-b51d-9fcc38bd9399/resourceGroups/zgebs-workbench-dev-neu-vnet-rg/providers/Microsoft.Network/virtualNetworks/workbench-dev-neu-vnet/subnets/zgebs-wb-dev-snet-webin-ne01",
            "name": "zgebs-wb-dev-snet-webin-ne01",
            "private_endpoint_network_policies_enabled": false,
            "private_link_service_network_policies_enabled": true,
            "resource_group_name": "zgebs-workbench-dev-neu-vnet-rg",
            "service_endpoint_policy_ids": null,
            "service_endpoints": [
              "Microsoft.Web"
            ],
            "timeouts": null,
            "virtual_network_name": "workbench-dev-neu-vnet"
          },
          "sensitive_attributes": [],
          "private": "eyJlMmJmYjczMC1lY2FhLTExZTYtOGY4OC0zNDM2M2JjN2M0YzAiOnsiY3JlYXRlIjoxODAwMDAwMDAwMDAwLCJkZWxldGUiOjE4MDAwMDAwMDAwMDAsInJlYWQiOjMwMDAwMDAwMDAwMCwidXBkYXRlIjoxODAwMDAwMDAwMDAwfX0=",
          "dependencies": [
            "module.network.azurerm_resource_group.network",
            "module.network.azurerm_virtual_network.vnet"
          ]
        }
      ]
    },
    {
      "module": "module.network",
      "mode": "managed",
      "type": "azurerm_subnet",
      "name": "snet_webout",
      "provider": "provider[\"registry.terraform.io/hashicorp/azurerm\"]",
      "instances": [
        {
          "schema_version": 0,
          "attributes": {
            "address_prefixes": [
              "10.0.5.0/24"
            ],
            "delegation": [
              {
                "name": "delegation",
                "service_delegation": [
                  {
                    "actions": [
                      "Microsoft.Network/virtualNetworks/subnets/action"
                    ],
                    "name": "Microsoft.Web/serverFarms"
                  }
                ]
              }
            ],
            "enforce_private_link_endpoint_network_policies": true,
            "enforce_private_link_service_network_policies": false,
            "id": "/subscriptions/fec1a8c7-3053-43ab-b51d-9fcc38bd9399/resourceGroups/zgebs-workbench-dev-neu-vnet-rg/providers/Microsoft.Network/virtualNetworks/workbench-dev-neu-vnet/subnets/zgebs-wb-dev-snet-webout-ne01",
            "name": "zgebs-wb-dev-snet-webout-ne01",
            "private_endpoint_network_policies_enabled": false,
            "private_link_service_network_policies_enabled": true,
            "resource_group_name": "zgebs-workbench-dev-neu-vnet-rg",
            "service_endpoint_policy_ids": null,
            "service_endpoints": null,
            "timeouts": null,
            "virtual_network_name": "workbench-dev-neu-vnet"
          },
          "sensitive_attributes": [],
          "private": "eyJlMmJmYjczMC1lY2FhLTExZTYtOGY4OC0zNDM2M2JjN2M0YzAiOnsiY3JlYXRlIjoxODAwMDAwMDAwMDAwLCJkZWxldGUiOjE4MDAwMDAwMDAwMDAsInJlYWQiOjMwMDAwMDAwMDAwMCwidXBkYXRlIjoxODAwMDAwMDAwMDAwfX0=",
          "dependencies": [
            "module.network.azurerm_resource_group.network",
            "module.network.azurerm_virtual_network.vnet"
          ]
        }
      ]
    },
    {
      "module": "module.network",
      "mode": "managed",
      "type": "azurerm_subnet_network_security_group_association",
      "name": "snsg",
      "provider": "provider[\"registry.terraform.io/hashicorp/azurerm\"]",
      "instances": [
        {
          "schema_version": 0,
          "attributes": {
            "id": "/subscriptions/fec1a8c7-3053-43ab-b51d-9fcc38bd9399/resourceGroups/zgebs-workbench-dev-neu-vnet-rg/providers/Microsoft.Network/virtualNetworks/workbench-dev-neu-vnet/subnets/zgebs-wb-dev-snet-shared-ne01",
            "network_security_group_id": "/subscriptions/fec1a8c7-3053-43ab-b51d-9fcc38bd9399/resourceGroups/zgebs-workbench-dev-neu-vnet-rg/providers/Microsoft.Network/networkSecurityGroups/workbench-dev-neu-vnet-nsg1",
            "subnet_id": "/subscriptions/fec1a8c7-3053-43ab-b51d-9fcc38bd9399/resourceGroups/zgebs-workbench-dev-neu-vnet-rg/providers/Microsoft.Network/virtualNetworks/workbench-dev-neu-vnet/subnets/zgebs-wb-dev-snet-shared-ne01",
            "timeouts": null
          },
          "sensitive_attributes": [],
          "private": "eyJlMmJmYjczMC1lY2FhLTExZTYtOGY4OC0zNDM2M2JjN2M0YzAiOnsiY3JlYXRlIjoxODAwMDAwMDAwMDAwLCJkZWxldGUiOjE4MDAwMDAwMDAwMDAsInJlYWQiOjMwMDAwMDAwMDAwMCwidXBkYXRlIjoxODAwMDAwMDAwMDAwfX0=",
          "dependencies": [
            "module.network.azurerm_network_security_group.nsg",
            "module.network.azurerm_resource_group.network",
            "module.network.azurerm_subnet.snet_shared",
            "module.network.azurerm_virtual_network.vnet"
          ]
        }
      ]
    },
    {
      "module": "module.network",
      "mode": "managed",
      "type": "azurerm_subnet_network_security_group_association",
      "name": "snsg_apim",
      "provider": "provider[\"registry.terraform.io/hashicorp/azurerm\"]",
      "instances": [
        {
          "schema_version": 0,
          "attributes": {
            "id": "/subscriptions/fec1a8c7-3053-43ab-b51d-9fcc38bd9399/resourceGroups/zgebs-workbench-dev-neu-vnet-rg/providers/Microsoft.Network/virtualNetworks/workbench-dev-neu-vnet/subnets/zgebs-wb-dey-snet-apim-ne01",
            "network_security_group_id": "/subscriptions/fec1a8c7-3053-43ab-b51d-9fcc38bd9399/resourceGroups/zgebs-workbench-dev-neu-vnet-rg/providers/Microsoft.Network/networkSecurityGroups/workbench-dev-neu-vnet-nsg1",
            "subnet_id": "/subscriptions/fec1a8c7-3053-43ab-b51d-9fcc38bd9399/resourceGroups/zgebs-workbench-dev-neu-vnet-rg/providers/Microsoft.Network/virtualNetworks/workbench-dev-neu-vnet/subnets/zgebs-wb-dey-snet-apim-ne01",
            "timeouts": null
          },
          "sensitive_attributes": [],
          "private": "eyJlMmJmYjczMC1lY2FhLTExZTYtOGY4OC0zNDM2M2JjN2M0YzAiOnsiY3JlYXRlIjoxODAwMDAwMDAwMDAwLCJkZWxldGUiOjE4MDAwMDAwMDAwMDAsInJlYWQiOjMwMDAwMDAwMDAwMCwidXBkYXRlIjoxODAwMDAwMDAwMDAwfX0=",
          "dependencies": [
            "module.network.azurerm_network_security_group.nsg",
            "module.network.azurerm_resource_group.network",
            "module.network.azurerm_subnet.snet_apim",
            "module.network.azurerm_virtual_network.vnet"
          ]
        }
      ]
    },
    {
      "module": "module.network",
      "mode": "managed",
      "type": "azurerm_subnet_network_security_group_association",
      "name": "snsg_webin",
      "provider": "provider[\"registry.terraform.io/hashicorp/azurerm\"]",
      "instances": [
        {
          "schema_version": 0,
          "attributes": {
            "id": "/subscriptions/fec1a8c7-3053-43ab-b51d-9fcc38bd9399/resourceGroups/zgebs-workbench-dev-neu-vnet-rg/providers/Microsoft.Network/virtualNetworks/workbench-dev-neu-vnet/subnets/zgebs-wb-dev-snet-webin-ne01",
            "network_security_group_id": "/subscriptions/fec1a8c7-3053-43ab-b51d-9fcc38bd9399/resourceGroups/zgebs-workbench-dev-neu-vnet-rg/providers/Microsoft.Network/networkSecurityGroups/workbench-dev-neu-vnet-nsg1",
            "subnet_id": "/subscriptions/fec1a8c7-3053-43ab-b51d-9fcc38bd9399/resourceGroups/zgebs-workbench-dev-neu-vnet-rg/providers/Microsoft.Network/virtualNetworks/workbench-dev-neu-vnet/subnets/zgebs-wb-dev-snet-webin-ne01",
            "timeouts": null
          },
          "sensitive_attributes": [],
          "private": "eyJlMmJmYjczMC1lY2FhLTExZTYtOGY4OC0zNDM2M2JjN2M0YzAiOnsiY3JlYXRlIjoxODAwMDAwMDAwMDAwLCJkZWxldGUiOjE4MDAwMDAwMDAwMDAsInJlYWQiOjMwMDAwMDAwMDAwMCwidXBkYXRlIjoxODAwMDAwMDAwMDAwfX0=",
          "dependencies": [
            "module.network.azurerm_network_security_group.nsg",
            "module.network.azurerm_resource_group.network",
            "module.network.azurerm_subnet.snet_webin",
            "module.network.azurerm_virtual_network.vnet"
          ]
        }
      ]
    },
    {
      "module": "module.network",
      "mode": "managed",
      "type": "azurerm_subnet_network_security_group_association",
      "name": "snsg_webout",
      "provider": "provider[\"registry.terraform.io/hashicorp/azurerm\"]",
      "instances": [
        {
          "schema_version": 0,
          "attributes": {
            "id": "/subscriptions/fec1a8c7-3053-43ab-b51d-9fcc38bd9399/resourceGroups/zgebs-workbench-dev-neu-vnet-rg/providers/Microsoft.Network/virtualNetworks/workbench-dev-neu-vnet/subnets/zgebs-wb-dev-snet-webout-ne01",
            "network_security_group_id": "/subscriptions/fec1a8c7-3053-43ab-b51d-9fcc38bd9399/resourceGroups/zgebs-workbench-dev-neu-vnet-rg/providers/Microsoft.Network/networkSecurityGroups/workbench-dev-neu-vnet-nsg1",
            "subnet_id": "/subscriptions/fec1a8c7-3053-43ab-b51d-9fcc38bd9399/resourceGroups/zgebs-workbench-dev-neu-vnet-rg/providers/Microsoft.Network/virtualNetworks/workbench-dev-neu-vnet/subnets/zgebs-wb-dev-snet-webout-ne01",
            "timeouts": null
          },
          "sensitive_attributes": [],
          "private": "eyJlMmJmYjczMC1lY2FhLTExZTYtOGY4OC0zNDM2M2JjN2M0YzAiOnsiY3JlYXRlIjoxODAwMDAwMDAwMDAwLCJkZWxldGUiOjE4MDAwMDAwMDAwMDAsInJlYWQiOjMwMDAwMDAwMDAwMCwidXBkYXRlIjoxODAwMDAwMDAwMDAwfX0=",
          "dependencies": [
            "module.network.azurerm_network_security_group.nsg",
            "module.network.azurerm_resource_group.network",
            "module.network.azurerm_subnet.snet_webout",
            "module.network.azurerm_virtual_network.vnet"
          ]
        }
      ]
    },
    {
      "module": "module.network",
      "mode": "managed",
      "type": "azurerm_subnet_route_table_association",
      "name": "srt",
      "provider": "provider[\"registry.terraform.io/hashicorp/azurerm\"]",
      "instances": [
        {
          "schema_version": 0,
          "attributes": {
            "id": "/subscriptions/fec1a8c7-3053-43ab-b51d-9fcc38bd9399/resourceGroups/zgebs-workbench-dev-neu-vnet-rg/providers/Microsoft.Network/virtualNetworks/workbench-dev-neu-vnet/subnets/zgebs-wb-dev-snet-shared-ne01",
            "route_table_id": "/subscriptions/fec1a8c7-3053-43ab-b51d-9fcc38bd9399/resourceGroups/zgebs-workbench-dev-neu-vnet-rg/providers/Microsoft.Network/routeTables/workbench-dev-neu-vnet-rt1",
            "subnet_id": "/subscriptions/fec1a8c7-3053-43ab-b51d-9fcc38bd9399/resourceGroups/zgebs-workbench-dev-neu-vnet-rg/providers/Microsoft.Network/virtualNetworks/workbench-dev-neu-vnet/subnets/zgebs-wb-dev-snet-shared-ne01",
            "timeouts": null
          },
          "sensitive_attributes": [],
          "private": "eyJlMmJmYjczMC1lY2FhLTExZTYtOGY4OC0zNDM2M2JjN2M0YzAiOnsiY3JlYXRlIjoxODAwMDAwMDAwMDAwLCJkZWxldGUiOjE4MDAwMDAwMDAwMDAsInJlYWQiOjMwMDAwMDAwMDAwMCwidXBkYXRlIjoxODAwMDAwMDAwMDAwfX0=",
          "dependencies": [
            "module.network.azurerm_resource_group.network",
            "module.network.azurerm_route_table.rt",
            "module.network.azurerm_subnet.snet_shared",
            "module.network.azurerm_virtual_network.vnet"
          ]
        }
      ]
    },
    {
      "module": "module.network",
      "mode": "managed",
      "type": "azurerm_subnet_route_table_association",
      "name": "srt_apim",
      "provider": "provider[\"registry.terraform.io/hashicorp/azurerm\"]",
      "instances": [
        {
          "schema_version": 0,
          "attributes": {
            "id": "/subscriptions/fec1a8c7-3053-43ab-b51d-9fcc38bd9399/resourceGroups/zgebs-workbench-dev-neu-vnet-rg/providers/Microsoft.Network/virtualNetworks/workbench-dev-neu-vnet/subnets/zgebs-wb-dey-snet-apim-ne01",
            "route_table_id": "/subscriptions/fec1a8c7-3053-43ab-b51d-9fcc38bd9399/resourceGroups/zgebs-workbench-dev-neu-vnet-rg/providers/Microsoft.Network/routeTables/workbench-dev-neu-vnet-rt1",
            "subnet_id": "/subscriptions/fec1a8c7-3053-43ab-b51d-9fcc38bd9399/resourceGroups/zgebs-workbench-dev-neu-vnet-rg/providers/Microsoft.Network/virtualNetworks/workbench-dev-neu-vnet/subnets/zgebs-wb-dey-snet-apim-ne01",
            "timeouts": null
          },
          "sensitive_attributes": [],
          "private": "eyJlMmJmYjczMC1lY2FhLTExZTYtOGY4OC0zNDM2M2JjN2M0YzAiOnsiY3JlYXRlIjoxODAwMDAwMDAwMDAwLCJkZWxldGUiOjE4MDAwMDAwMDAwMDAsInJlYWQiOjMwMDAwMDAwMDAwMCwidXBkYXRlIjoxODAwMDAwMDAwMDAwfX0=",
          "dependencies": [
            "module.network.azurerm_resource_group.network",
            "module.network.azurerm_route_table.rt",
            "module.network.azurerm_subnet.snet_apim",
            "module.network.azurerm_virtual_network.vnet"
          ]
        }
      ]
    },
    {
      "module": "module.network",
      "mode": "managed",
      "type": "azurerm_subnet_route_table_association",
      "name": "srt_webin",
      "provider": "provider[\"registry.terraform.io/hashicorp/azurerm\"]",
      "instances": [
        {
          "schema_version": 0,
          "attributes": {
            "id": "/subscriptions/fec1a8c7-3053-43ab-b51d-9fcc38bd9399/resourceGroups/zgebs-workbench-dev-neu-vnet-rg/providers/Microsoft.Network/virtualNetworks/workbench-dev-neu-vnet/subnets/zgebs-wb-dev-snet-webin-ne01",
            "route_table_id": "/subscriptions/fec1a8c7-3053-43ab-b51d-9fcc38bd9399/resourceGroups/zgebs-workbench-dev-neu-vnet-rg/providers/Microsoft.Network/routeTables/workbench-dev-neu-vnet-rt1",
            "subnet_id": "/subscriptions/fec1a8c7-3053-43ab-b51d-9fcc38bd9399/resourceGroups/zgebs-workbench-dev-neu-vnet-rg/providers/Microsoft.Network/virtualNetworks/workbench-dev-neu-vnet/subnets/zgebs-wb-dev-snet-webin-ne01",
            "timeouts": null
          },
          "sensitive_attributes": [],
          "private": "eyJlMmJmYjczMC1lY2FhLTExZTYtOGY4OC0zNDM2M2JjN2M0YzAiOnsiY3JlYXRlIjoxODAwMDAwMDAwMDAwLCJkZWxldGUiOjE4MDAwMDAwMDAwMDAsInJlYWQiOjMwMDAwMDAwMDAwMCwidXBkYXRlIjoxODAwMDAwMDAwMDAwfX0=",
          "dependencies": [
            "module.network.azurerm_resource_group.network",
            "module.network.azurerm_route_table.rt",
            "module.network.azurerm_subnet.snet_webin",
            "module.network.azurerm_virtual_network.vnet"
          ]
        }
      ]
    },
    {
      "module": "module.network",
      "mode": "managed",
      "type": "azurerm_subnet_route_table_association",
      "name": "srt_webout",
      "provider": "provider[\"registry.terraform.io/hashicorp/azurerm\"]",
      "instances": [
        {
          "schema_version": 0,
          "attributes": {
            "id": "/subscriptions/fec1a8c7-3053-43ab-b51d-9fcc38bd9399/resourceGroups/zgebs-workbench-dev-neu-vnet-rg/providers/Microsoft.Network/virtualNetworks/workbench-dev-neu-vnet/subnets/zgebs-wb-dev-snet-webout-ne01",
            "route_table_id": "/subscriptions/fec1a8c7-3053-43ab-b51d-9fcc38bd9399/resourceGroups/zgebs-workbench-dev-neu-vnet-rg/providers/Microsoft.Network/routeTables/workbench-dev-neu-vnet-rt1",
            "subnet_id": "/subscriptions/fec1a8c7-3053-43ab-b51d-9fcc38bd9399/resourceGroups/zgebs-workbench-dev-neu-vnet-rg/providers/Microsoft.Network/virtualNetworks/workbench-dev-neu-vnet/subnets/zgebs-wb-dev-snet-webout-ne01",
            "timeouts": null
          },
          "sensitive_attributes": [],
          "private": "eyJlMmJmYjczMC1lY2FhLTExZTYtOGY4OC0zNDM2M2JjN2M0YzAiOnsiY3JlYXRlIjoxODAwMDAwMDAwMDAwLCJkZWxldGUiOjE4MDAwMDAwMDAwMDAsInJlYWQiOjMwMDAwMDAwMDAwMCwidXBkYXRlIjoxODAwMDAwMDAwMDAwfX0=",
          "dependencies": [
            "module.network.azurerm_resource_group.network",
            "module.network.azurerm_route_table.rt",
            "module.network.azurerm_subnet.snet_webout",
            "module.network.azurerm_virtual_network.vnet"
          ]
        }
      ]
    },
    {
      "module": "module.network",
      "mode": "managed",
      "type": "azurerm_virtual_network",
      "name": "vnet",
      "provider": "provider[\"registry.terraform.io/hashicorp/azurerm\"]",
      "instances": [
        {
          "schema_version": 0,
          "attributes": {
            "address_space": [
              "10.0.0.0/16"
            ],
            "bgp_community": "",
            "ddos_protection_plan": [],
            "dns_servers": [],
            "edge_zone": "",
            "flow_timeout_in_minutes": 0,
            "guid": "e4f01380-6706-4d97-a6bc-681612d54b82",
            "id": "/subscriptions/fec1a8c7-3053-43ab-b51d-9fcc38bd9399/resourceGroups/zgebs-workbench-dev-neu-vnet-rg/providers/Microsoft.Network/virtualNetworks/workbench-dev-neu-vnet",
            "location": "northeurope",
            "name": "workbench-dev-neu-vnet",
            "resource_group_name": "zgebs-workbench-dev-neu-vnet-rg",
            "subnet": [],
            "tags": null,
            "timeouts": null
          },
          "sensitive_attributes": [],
          "private": "eyJlMmJmYjczMC1lY2FhLTExZTYtOGY4OC0zNDM2M2JjN2M0YzAiOnsiY3JlYXRlIjoxODAwMDAwMDAwMDAwLCJkZWxldGUiOjE4MDAwMDAwMDAwMDAsInJlYWQiOjMwMDAwMDAwMDAwMCwidXBkYXRlIjoxODAwMDAwMDAwMDAwfX0=",
          "dependencies": [
            "module.network.azurerm_resource_group.network"
          ]
        }
      ]
    },
    {
      "module": "module.storage",
      "mode": "managed",
      "type": "azurerm_resource_group",
      "name": "storage",
      "provider": "provider[\"registry.terraform.io/hashicorp/azurerm\"]",
      "instances": [
        {
          "schema_version": 0,
          "attributes": {
            "id": "/subscriptions/fec1a8c7-3053-43ab-b51d-9fcc38bd9399/resourceGroups/zgebs-workbench-dev-storage-rg",
            "location": "northeurope",
            "name": "zgebs-workbench-dev-storage-rg",
            "tags": null,
            "timeouts": null
          },
          "sensitive_attributes": [],
          "private": "eyJlMmJmYjczMC1lY2FhLTExZTYtOGY4OC0zNDM2M2JjN2M0YzAiOnsiY3JlYXRlIjo1NDAwMDAwMDAwMDAwLCJkZWxldGUiOjU0MDAwMDAwMDAwMDAsInJlYWQiOjMwMDAwMDAwMDAwMCwidXBkYXRlIjo1NDAwMDAwMDAwMDAwfX0="
        }
      ]
    },
    {
      "module": "module.storage",
      "mode": "managed",
      "type": "azurerm_storage_account",
      "name": "storage",
      "provider": "provider[\"registry.terraform.io/hashicorp/azurerm\"]",
      "instances": [
        {
          "schema_version": 3,
          "attributes": {
            "access_tier": "Hot",
            "account_kind": "StorageV2",
            "account_replication_type": "LRS",
            "account_tier": "Standard",
            "allow_nested_items_to_be_public": true,
            "allowed_copy_scope": "",
            "azure_files_authentication": [],
            "blob_properties": [
              {
                "change_feed_enabled": false,
                "change_feed_retention_in_days": 0,
                "container_delete_retention_policy": [],
                "cors_rule": [],
                "default_service_version": "",
                "delete_retention_policy": [],
                "last_access_time_enabled": false,
                "restore_policy": [],
                "versioning_enabled": false
              }
            ],
            "cross_tenant_replication_enabled": true,
            "custom_domain": [],
            "customer_managed_key": [],
            "default_to_oauth_authentication": false,
            "edge_zone": "",
            "enable_https_traffic_only": true,
            "id": "/subscriptions/fec1a8c7-3053-43ab-b51d-9fcc38bd9399/resourceGroups/zgebs-workbench-dev-storage-rg/providers/Microsoft.Storage/storageAccounts/zgbswbdevstorage9897",
            "identity": [],
            "immutability_policy": [],
            "infrastructure_encryption_enabled": false,
            "is_hns_enabled": false,
            "large_file_share_enabled": null,
            "location": "northeurope",
            "min_tls_version": "TLS1_2",
            "name": "zgbswbdevstorage9897",
            "network_rules": [
              {
                "bypass": [
                  "AzureServices"
                ],
                "default_action": "Allow",
                "ip_rules": [],
                "private_link_access": [],
                "virtual_network_subnet_ids": []
              }
            ],
            "nfsv3_enabled": false,
            "primary_access_key": "Wws9xDKdu3/uLiVsJXpt0SGJt9h0cjOOBQNwBbMIGh+dGNxmq1pQ85dejdSOsIvFgsADaXCk6rNv+AStAPvbTA==",
            "primary_blob_connection_string": "DefaultEndpointsProtocol=https;BlobEndpoint=https://zgbswbdevstorage9897.blob.core.windows.net/;AccountName=zgbswbdevstorage9897;AccountKey=Wws9xDKdu3/uLiVsJXpt0SGJt9h0cjOOBQNwBbMIGh+dGNxmq1pQ85dejdSOsIvFgsADaXCk6rNv+AStAPvbTA==",
            "primary_blob_endpoint": "https://zgbswbdevstorage9897.blob.core.windows.net/",
            "primary_blob_host": "zgbswbdevstorage9897.blob.core.windows.net",
            "primary_connection_string": "DefaultEndpointsProtocol=https;AccountName=zgbswbdevstorage9897;AccountKey=Wws9xDKdu3/uLiVsJXpt0SGJt9h0cjOOBQNwBbMIGh+dGNxmq1pQ85dejdSOsIvFgsADaXCk6rNv+AStAPvbTA==;EndpointSuffix=core.windows.net",
            "primary_dfs_endpoint": "https://zgbswbdevstorage9897.dfs.core.windows.net/",
            "primary_dfs_host": "zgbswbdevstorage9897.dfs.core.windows.net",
            "primary_file_endpoint": "https://zgbswbdevstorage9897.file.core.windows.net/",
            "primary_file_host": "zgbswbdevstorage9897.file.core.windows.net",
            "primary_location": "northeurope",
            "primary_queue_endpoint": "https://zgbswbdevstorage9897.queue.core.windows.net/",
            "primary_queue_host": "zgbswbdevstorage9897.queue.core.windows.net",
            "primary_table_endpoint": "https://zgbswbdevstorage9897.table.core.windows.net/",
            "primary_table_host": "zgbswbdevstorage9897.table.core.windows.net",
            "primary_web_endpoint": "https://zgbswbdevstorage9897.z16.web.core.windows.net/",
            "primary_web_host": "zgbswbdevstorage9897.z16.web.core.windows.net",
            "public_network_access_enabled": true,
            "queue_encryption_key_type": "Service",
            "queue_properties": [
              {
                "cors_rule": [],
                "hour_metrics": [
                  {
                    "enabled": true,
                    "include_apis": true,
                    "retention_policy_days": 7,
                    "version": "1.0"
                  }
                ],
                "logging": [
                  {
                    "delete": false,
                    "read": false,
                    "retention_policy_days": 0,
                    "version": "1.0",
                    "write": false
                  }
                ],
                "minute_metrics": [
                  {
                    "enabled": false,
                    "include_apis": false,
                    "retention_policy_days": 0,
                    "version": "1.0"
                  }
                ]
              }
            ],
            "resource_group_name": "zgebs-workbench-dev-storage-rg",
            "routing": [],
            "sas_policy": [],
            "secondary_access_key": "y05Hnw5neTwgxPNGD6OFWw2cuzx6WzBRG5BvzlEiWXJhqOz3xClKC5Bjs2diZ6kQZrIOGP3KO/sH+AStkg4qFw==",
            "secondary_blob_connection_string": "",
            "secondary_blob_endpoint": null,
            "secondary_blob_host": null,
            "secondary_connection_string": "DefaultEndpointsProtocol=https;AccountName=zgbswbdevstorage9897;AccountKey=y05Hnw5neTwgxPNGD6OFWw2cuzx6WzBRG5BvzlEiWXJhqOz3xClKC5Bjs2diZ6kQZrIOGP3KO/sH+AStkg4qFw==;EndpointSuffix=core.windows.net",
            "secondary_dfs_endpoint": null,
            "secondary_dfs_host": null,
            "secondary_file_endpoint": null,
            "secondary_file_host": null,
            "secondary_location": "",
            "secondary_queue_endpoint": null,
            "secondary_queue_host": null,
            "secondary_table_endpoint": null,
            "secondary_table_host": null,
            "secondary_web_endpoint": null,
            "secondary_web_host": null,
            "sftp_enabled": false,
            "share_properties": [
              {
                "cors_rule": [],
                "retention_policy": [
                  {
                    "days": 7
                  }
                ],
                "smb": []
              }
            ],
            "shared_access_key_enabled": true,
            "static_website": [],
            "table_encryption_key_type": "Service",
            "tags": null,
            "timeouts": null
          },
          "sensitive_attributes": [],
          "private": "eyJlMmJmYjczMC1lY2FhLTExZTYtOGY4OC0zNDM2M2JjN2M0YzAiOnsiY3JlYXRlIjozNjAwMDAwMDAwMDAwLCJkZWxldGUiOjM2MDAwMDAwMDAwMDAsInJlYWQiOjMwMDAwMDAwMDAwMCwidXBkYXRlIjozNjAwMDAwMDAwMDAwfSwic2NoZW1hX3ZlcnNpb24iOiIzIn0=",
          "dependencies": [
            "module.storage.azurerm_resource_group.storage"
          ]
        }
      ]
    },
    {
      "module": "module.storage",
      "mode": "managed",
      "type": "azurerm_storage_blob",
      "name": "blobstorage_dgv",
      "provider": "provider[\"registry.terraform.io/hashicorp/azurerm\"]",
      "instances": [
        {
          "schema_version": 1,
          "attributes": {
            "access_tier": "Hot",
            "cache_control": "",
            "content_md5": "",
            "content_type": "application/octet-stream",
            "id": "https://zgbswbdevstorage9897.blob.core.windows.net/zgebs-wb-dev-dgv-publicftpblob023/Blob",
            "metadata": {},
            "name": "Blob",
            "parallelism": 8,
            "size": 0,
            "source": null,
            "source_content": null,
            "source_uri": null,
            "storage_account_name": "zgbswbdevstorage9897",
            "storage_container_name": "zgebs-wb-dev-dgv-publicftpblob023",
            "timeouts": null,
            "type": "Block",
            "url": "https://zgbswbdevstorage9897.blob.core.windows.net/zgebs-wb-dev-dgv-publicftpblob023/Blob"
          },
          "sensitive_attributes": [],
          "private": "eyJlMmJmYjczMC1lY2FhLTExZTYtOGY4OC0zNDM2M2JjN2M0YzAiOnsiY3JlYXRlIjoxODAwMDAwMDAwMDAwLCJkZWxldGUiOjE4MDAwMDAwMDAwMDAsInJlYWQiOjMwMDAwMDAwMDAwMCwidXBkYXRlIjoxODAwMDAwMDAwMDAwfSwic2NoZW1hX3ZlcnNpb24iOiIxIn0=",
          "dependencies": [
            "module.storage.azurerm_resource_group.storage",
            "module.storage.azurerm_storage_account.storage",
            "module.storage.azurerm_storage_container.storage_dgv"
          ]
        }
      ]
    },
    {
      "module": "module.storage",
      "mode": "managed",
      "type": "azurerm_storage_blob",
      "name": "blobstorage_fcsdbp",
      "provider": "provider[\"registry.terraform.io/hashicorp/azurerm\"]",
      "instances": [
        {
          "schema_version": 1,
          "attributes": {
            "access_tier": "Hot",
            "cache_control": "",
            "content_md5": "",
            "content_type": "application/octet-stream",
            "id": "https://zgbswbdevstorage9897.blob.core.windows.net/zgebs-wb-dev-fcsdbp-publicftpblob023/Blob",
            "metadata": {},
            "name": "Blob",
            "parallelism": 8,
            "size": 0,
            "source": null,
            "source_content": null,
            "source_uri": null,
            "storage_account_name": "zgbswbdevstorage9897",
            "storage_container_name": "zgebs-wb-dev-fcsdbp-publicftpblob023",
            "timeouts": null,
            "type": "Block",
            "url": "https://zgbswbdevstorage9897.blob.core.windows.net/zgebs-wb-dev-fcsdbp-publicftpblob023/Blob"
          },
          "sensitive_attributes": [],
          "private": "eyJlMmJmYjczMC1lY2FhLTExZTYtOGY4OC0zNDM2M2JjN2M0YzAiOnsiY3JlYXRlIjoxODAwMDAwMDAwMDAwLCJkZWxldGUiOjE4MDAwMDAwMDAwMDAsInJlYWQiOjMwMDAwMDAwMDAwMCwidXBkYXRlIjoxODAwMDAwMDAwMDAwfSwic2NoZW1hX3ZlcnNpb24iOiIxIn0=",
          "dependencies": [
            "module.storage.azurerm_resource_group.storage",
            "module.storage.azurerm_storage_account.storage",
            "module.storage.azurerm_storage_container.storage_fcsdbp"
          ]
        }
      ]
    },
    {
      "module": "module.storage",
      "mode": "managed",
      "type": "azurerm_storage_blob",
      "name": "blobstorage_fscdinv",
      "provider": "provider[\"registry.terraform.io/hashicorp/azurerm\"]",
      "instances": [
        {
          "schema_version": 1,
          "attributes": {
            "access_tier": "Hot",
            "cache_control": "",
            "content_md5": "",
            "content_type": "application/octet-stream",
            "id": "https://zgbswbdevstorage9897.blob.core.windows.net/zgebs-wb-dev-fscdinv-publicftpblob023/Blob",
            "metadata": {},
            "name": "Blob",
            "parallelism": 8,
            "size": 0,
            "source": null,
            "source_content": null,
            "source_uri": null,
            "storage_account_name": "zgbswbdevstorage9897",
            "storage_container_name": "zgebs-wb-dev-fscdinv-publicftpblob023",
            "timeouts": null,
            "type": "Block",
            "url": "https://zgbswbdevstorage9897.blob.core.windows.net/zgebs-wb-dev-fscdinv-publicftpblob023/Blob"
          },
          "sensitive_attributes": [],
          "private": "eyJlMmJmYjczMC1lY2FhLTExZTYtOGY4OC0zNDM2M2JjN2M0YzAiOnsiY3JlYXRlIjoxODAwMDAwMDAwMDAwLCJkZWxldGUiOjE4MDAwMDAwMDAwMDAsInJlYWQiOjMwMDAwMDAwMDAwMCwidXBkYXRlIjoxODAwMDAwMDAwMDAwfSwic2NoZW1hX3ZlcnNpb24iOiIxIn0=",
          "dependencies": [
            "module.storage.azurerm_resource_group.storage",
            "module.storage.azurerm_storage_account.storage",
            "module.storage.azurerm_storage_container.storage_fscdinv"
          ]
        }
      ]
    },
    {
      "module": "module.storage",
      "mode": "managed",
      "type": "azurerm_storage_blob",
      "name": "blobstorage_myz",
      "provider": "provider[\"registry.terraform.io/hashicorp/azurerm\"]",
      "instances": [
        {
          "schema_version": 1,
          "attributes": {
            "access_tier": "Hot",
            "cache_control": "",
            "content_md5": "",
            "content_type": "application/octet-stream",
            "id": "https://zgbswbdevstorage9897.blob.core.windows.net/zgebs-wb-dev-myz-publicftpblob023/Blob",
            "metadata": {},
            "name": "Blob",
            "parallelism": 8,
            "size": 0,
            "source": null,
            "source_content": null,
            "source_uri": null,
            "storage_account_name": "zgbswbdevstorage9897",
            "storage_container_name": "zgebs-wb-dev-myz-publicftpblob023",
            "timeouts": null,
            "type": "Block",
            "url": "https://zgbswbdevstorage9897.blob.core.windows.net/zgebs-wb-dev-myz-publicftpblob023/Blob"
          },
          "sensitive_attributes": [],
          "private": "eyJlMmJmYjczMC1lY2FhLTExZTYtOGY4OC0zNDM2M2JjN2M0YzAiOnsiY3JlYXRlIjoxODAwMDAwMDAwMDAwLCJkZWxldGUiOjE4MDAwMDAwMDAwMDAsInJlYWQiOjMwMDAwMDAwMDAwMCwidXBkYXRlIjoxODAwMDAwMDAwMDAwfSwic2NoZW1hX3ZlcnNpb24iOiIxIn0=",
          "dependencies": [
            "module.storage.azurerm_resource_group.storage",
            "module.storage.azurerm_storage_account.storage",
            "module.storage.azurerm_storage_container.storage_myz"
          ]
        }
      ]
    },
    {
      "module": "module.storage",
      "mode": "managed",
      "type": "azurerm_storage_blob",
      "name": "blobstorage_rwb",
      "provider": "provider[\"registry.terraform.io/hashicorp/azurerm\"]",
      "instances": [
        {
          "schema_version": 1,
          "attributes": {
            "access_tier": "Hot",
            "cache_control": "",
            "content_md5": "",
            "content_type": "application/octet-stream",
            "id": "https://zgbswbdevstorage9897.blob.core.windows.net/zgebs-wb-dev-rwb-publicftpblob023/Blob",
            "metadata": {},
            "name": "Blob",
            "parallelism": 8,
            "size": 0,
            "source": null,
            "source_content": null,
            "source_uri": null,
            "storage_account_name": "zgbswbdevstorage9897",
            "storage_container_name": "zgebs-wb-dev-rwb-publicftpblob023",
            "timeouts": null,
            "type": "Block",
            "url": "https://zgbswbdevstorage9897.blob.core.windows.net/zgebs-wb-dev-rwb-publicftpblob023/Blob"
          },
          "sensitive_attributes": [],
          "private": "eyJlMmJmYjczMC1lY2FhLTExZTYtOGY4OC0zNDM2M2JjN2M0YzAiOnsiY3JlYXRlIjoxODAwMDAwMDAwMDAwLCJkZWxldGUiOjE4MDAwMDAwMDAwMDAsInJlYWQiOjMwMDAwMDAwMDAwMCwidXBkYXRlIjoxODAwMDAwMDAwMDAwfSwic2NoZW1hX3ZlcnNpb24iOiIxIn0=",
          "dependencies": [
            "module.storage.azurerm_resource_group.storage",
            "module.storage.azurerm_storage_account.storage",
            "module.storage.azurerm_storage_container.storage_rwb"
          ]
        }
      ]
    },
    {
      "module": "module.storage",
      "mode": "managed",
      "type": "azurerm_storage_container",
      "name": "storage_dgv",
      "provider": "provider[\"registry.terraform.io/hashicorp/azurerm\"]",
      "instances": [
        {
          "schema_version": 1,
          "attributes": {
            "container_access_type": "blob",
            "has_immutability_policy": false,
            "has_legal_hold": false,
            "id": "https://zgbswbdevstorage9897.blob.core.windows.net/zgebs-wb-dev-dgv-publicftpblob023",
            "metadata": {},
            "name": "zgebs-wb-dev-dgv-publicftpblob023",
            "resource_manager_id": "/subscriptions/fec1a8c7-3053-43ab-b51d-9fcc38bd9399/resourceGroups/zgebs-workbench-dev-storage-rg/providers/Microsoft.Storage/storageAccounts/zgbswbdevstorage9897/blobServices/default/containers/zgebs-wb-dev-dgv-publicftpblob023",
            "storage_account_name": "zgbswbdevstorage9897",
            "timeouts": null
          },
          "sensitive_attributes": [],
          "private": "eyJlMmJmYjczMC1lY2FhLTExZTYtOGY4OC0zNDM2M2JjN2M0YzAiOnsiY3JlYXRlIjoxODAwMDAwMDAwMDAwLCJkZWxldGUiOjE4MDAwMDAwMDAwMDAsInJlYWQiOjMwMDAwMDAwMDAwMCwidXBkYXRlIjoxODAwMDAwMDAwMDAwfSwic2NoZW1hX3ZlcnNpb24iOiIxIn0=",
          "dependencies": [
            "module.storage.azurerm_resource_group.storage",
            "module.storage.azurerm_storage_account.storage"
          ]
        }
      ]
    },
    {
      "module": "module.storage",
      "mode": "managed",
      "type": "azurerm_storage_container",
      "name": "storage_fcsdbp",
      "provider": "provider[\"registry.terraform.io/hashicorp/azurerm\"]",
      "instances": [
        {
          "schema_version": 1,
          "attributes": {
            "container_access_type": "blob",
            "has_immutability_policy": false,
            "has_legal_hold": false,
            "id": "https://zgbswbdevstorage9897.blob.core.windows.net/zgebs-wb-dev-fcsdbp-publicftpblob023",
            "metadata": {},
            "name": "zgebs-wb-dev-fcsdbp-publicftpblob023",
            "resource_manager_id": "/subscriptions/fec1a8c7-3053-43ab-b51d-9fcc38bd9399/resourceGroups/zgebs-workbench-dev-storage-rg/providers/Microsoft.Storage/storageAccounts/zgbswbdevstorage9897/blobServices/default/containers/zgebs-wb-dev-fcsdbp-publicftpblob023",
            "storage_account_name": "zgbswbdevstorage9897",
            "timeouts": null
          },
          "sensitive_attributes": [],
          "private": "eyJlMmJmYjczMC1lY2FhLTExZTYtOGY4OC0zNDM2M2JjN2M0YzAiOnsiY3JlYXRlIjoxODAwMDAwMDAwMDAwLCJkZWxldGUiOjE4MDAwMDAwMDAwMDAsInJlYWQiOjMwMDAwMDAwMDAwMCwidXBkYXRlIjoxODAwMDAwMDAwMDAwfSwic2NoZW1hX3ZlcnNpb24iOiIxIn0=",
          "dependencies": [
            "module.storage.azurerm_resource_group.storage",
            "module.storage.azurerm_storage_account.storage"
          ]
        }
      ]
    },
    {
      "module": "module.storage",
      "mode": "managed",
      "type": "azurerm_storage_container",
      "name": "storage_fscdinv",
      "provider": "provider[\"registry.terraform.io/hashicorp/azurerm\"]",
      "instances": [
        {
          "schema_version": 1,
          "attributes": {
            "container_access_type": "blob",
            "has_immutability_policy": false,
            "has_legal_hold": false,
            "id": "https://zgbswbdevstorage9897.blob.core.windows.net/zgebs-wb-dev-fscdinv-publicftpblob023",
            "metadata": {},
            "name": "zgebs-wb-dev-fscdinv-publicftpblob023",
            "resource_manager_id": "/subscriptions/fec1a8c7-3053-43ab-b51d-9fcc38bd9399/resourceGroups/zgebs-workbench-dev-storage-rg/providers/Microsoft.Storage/storageAccounts/zgbswbdevstorage9897/blobServices/default/containers/zgebs-wb-dev-fscdinv-publicftpblob023",
            "storage_account_name": "zgbswbdevstorage9897",
            "timeouts": null
          },
          "sensitive_attributes": [],
          "private": "eyJlMmJmYjczMC1lY2FhLTExZTYtOGY4OC0zNDM2M2JjN2M0YzAiOnsiY3JlYXRlIjoxODAwMDAwMDAwMDAwLCJkZWxldGUiOjE4MDAwMDAwMDAwMDAsInJlYWQiOjMwMDAwMDAwMDAwMCwidXBkYXRlIjoxODAwMDAwMDAwMDAwfSwic2NoZW1hX3ZlcnNpb24iOiIxIn0=",
          "dependencies": [
            "module.storage.azurerm_resource_group.storage",
            "module.storage.azurerm_storage_account.storage"
          ]
        }
      ]
    },
    {
      "module": "module.storage",
      "mode": "managed",
      "type": "azurerm_storage_container",
      "name": "storage_myz",
      "provider": "provider[\"registry.terraform.io/hashicorp/azurerm\"]",
      "instances": [
        {
          "schema_version": 1,
          "attributes": {
            "container_access_type": "blob",
            "has_immutability_policy": false,
            "has_legal_hold": false,
            "id": "https://zgbswbdevstorage9897.blob.core.windows.net/zgebs-wb-dev-myz-publicftpblob023",
            "metadata": {},
            "name": "zgebs-wb-dev-myz-publicftpblob023",
            "resource_manager_id": "/subscriptions/fec1a8c7-3053-43ab-b51d-9fcc38bd9399/resourceGroups/zgebs-workbench-dev-storage-rg/providers/Microsoft.Storage/storageAccounts/zgbswbdevstorage9897/blobServices/default/containers/zgebs-wb-dev-myz-publicftpblob023",
            "storage_account_name": "zgbswbdevstorage9897",
            "timeouts": null
          },
          "sensitive_attributes": [],
          "private": "eyJlMmJmYjczMC1lY2FhLTExZTYtOGY4OC0zNDM2M2JjN2M0YzAiOnsiY3JlYXRlIjoxODAwMDAwMDAwMDAwLCJkZWxldGUiOjE4MDAwMDAwMDAwMDAsInJlYWQiOjMwMDAwMDAwMDAwMCwidXBkYXRlIjoxODAwMDAwMDAwMDAwfSwic2NoZW1hX3ZlcnNpb24iOiIxIn0=",
          "dependencies": [
            "module.storage.azurerm_resource_group.storage",
            "module.storage.azurerm_storage_account.storage"
          ]
        }
      ]
    },
    {
      "module": "module.storage",
      "mode": "managed",
      "type": "azurerm_storage_container",
      "name": "storage_rwb",
      "provider": "provider[\"registry.terraform.io/hashicorp/azurerm\"]",
      "instances": [
        {
          "schema_version": 1,
          "attributes": {
            "container_access_type": "blob",
            "has_immutability_policy": false,
            "has_legal_hold": false,
            "id": "https://zgbswbdevstorage9897.blob.core.windows.net/zgebs-wb-dev-rwb-publicftpblob023",
            "metadata": {},
            "name": "zgebs-wb-dev-rwb-publicftpblob023",
            "resource_manager_id": "/subscriptions/fec1a8c7-3053-43ab-b51d-9fcc38bd9399/resourceGroups/zgebs-workbench-dev-storage-rg/providers/Microsoft.Storage/storageAccounts/zgbswbdevstorage9897/blobServices/default/containers/zgebs-wb-dev-rwb-publicftpblob023",
            "storage_account_name": "zgbswbdevstorage9897",
            "timeouts": null
          },
          "sensitive_attributes": [],
          "private": "eyJlMmJmYjczMC1lY2FhLTExZTYtOGY4OC0zNDM2M2JjN2M0YzAiOnsiY3JlYXRlIjoxODAwMDAwMDAwMDAwLCJkZWxldGUiOjE4MDAwMDAwMDAwMDAsInJlYWQiOjMwMDAwMDAwMDAwMCwidXBkYXRlIjoxODAwMDAwMDAwMDAwfSwic2NoZW1hX3ZlcnNpb24iOiIxIn0=",
          "dependencies": [
            "module.storage.azurerm_resource_group.storage",
            "module.storage.azurerm_storage_account.storage"
          ]
        }
      ]
    }
  ],
  "check_results": []
}
